<?xml version="1.0" encoding="utf-8"?>
<Project ToolsVersion="4.0" xmlns="http://schemas.microsoft.com/developer/msbuild/2003">
  <ItemGroup>
    <Filter Include="Source Files">
      <UniqueIdentifier>{4FC737F1-C7A5-4376-A066-2A32D752A2FF}</UniqueIdentifier>
      <Extensions>cpp;c;cc;cxx;def;s;asm;asmx</Extensions>
    </Filter>
    <Filter Include="Header Files">
      <UniqueIdentifier>{93995380-89BD-4b04-88EB-625FBE52EBFB}</UniqueIdentifier>
      <Extensions>h;hh;hpp;hxx;hm;inl;inc</Extensions>
    </Filter>
    <Filter Include="Resource Files">
      <UniqueIdentifier>{67DA6AB6-F800-4c08-8B7A-83BB121AAD01}</UniqueIdentifier>
      <Extensions>bmp;gif;jpg;jpeg;png;wav;mp4</Extensions>
    </Filter>
  </ItemGroup>
  <ItemGroup>
    <ClCompile Include="src/application.cpp">
      <Filter>Source Files</Filter>
    </ClCompile>
    <ClCompile Include="src/cli_args_parser.cpp">
      <Filter>Source Files</Filter>
    </ClCompile>
    <ClCompile Include="src/convert.cpp">
      <Filter>Source Files</Filter>
    </ClCompile>
    <ClCompile Include="src/gui.cpp">
      <Filter>Source Files</Filter>
    </ClCompile>
    <ClCompile Include="src/input/input_command_handler.cpp">
      <Filter>Source Files</Filter>
    </ClCompile>
    <ClCompile Include="src/input/ml_input_handler.cpp">
      <Filter>Source Files</Filter>
    </ClCompile>
    <ClCompile Include="src/node.cpp">
      <Filter>Source Files</Filter>
    </ClCompile>
    <ClCompile Include="src/registry.cpp">
      <Filter>Source Files</Filter>
    </ClCompile>
    <ClCompile Include="src/render/buffer.cpp">
      <Filter>Source Files</Filter>
    </ClCompile>
    <ClCompile Include="src/render/geometry_program.cpp">
      <Filter>Source Files</Filter>
    </ClCompile>
    <ClCompile Include="src/render/material.cpp">
      <Filter>Source Files</Filter>
    </ClCompile>
    <ClCompile Include="src/render/mesh.cpp">
      <Filter>Source Files</Filter>
    </ClCompile>
    <ClCompile Include="src/render/program.cpp">
      <Filter>Source Files</Filter>
    </ClCompile>
    <ClCompile Include="src/render/render_target.cpp">
      <Filter>Source Files</Filter>
    </ClCompile>
    <ClCompile Include="src/render/renderer.cpp">
      <Filter>Source Files</Filter>
    </ClCompile>
    <ClCompile Include="src/render/texture.cpp">
      <Filter>Source Files</Filter>
    </ClCompile>
    <ClCompile Include="src/render/variable.cpp">
      <Filter>Source Files</Filter>
    </ClCompile>
    <ClCompile Include="src/resource_pool.cpp">
      <Filter>Source Files</Filter>
    </ClCompile>
    <ClCompile Include="external/glad/src/glad.c">
      <Filter>Source Files</Filter>
    </ClCompile>
    <ClCompile Include="external/imgui-1.68/examples/imgui_impl_opengl3.cpp">
      <Filter>Source Files</Filter>
    </ClCompile>
    <ClCompile Include="external/imgui-1.68/imgui.cpp">
      <Filter>Source Files</Filter>
    </ClCompile>
    <ClCompile Include="external/imgui-1.68/imgui_demo.cpp">
      <Filter>Source Files</Filter>
    </ClCompile>
    <ClCompile Include="external/imgui-1.68/imgui_draw.cpp">
      <Filter>Source Files</Filter>
    </ClCompile>
    <ClCompile Include="external/imgui-1.68/imgui_widgets.cpp">
      <Filter>Source Files</Filter>
    </ClCompile>
    <ClCompile Include="external/stb_lib/stblib.cpp">
      <Filter>Source Files</Filter>
    </ClCompile>
    <ClCompile Include="src/device/graphics_context.cpp">
      <Filter>Source Files</Filter>
    </ClCompile>
  </ItemGroup>
  <ItemGroup>
    <ClInclude Include="include/app_framework/components/camera_component.h">
      <Filter>Header Files</Filter>
    </ClInclude>
    <ClInclude Include="include/app_framework/components/light_component.h">
      <Filter>Header Files</Filter>
    </ClInclude>
    <ClInclude Include="include/app_framework/components/magicleap_mesh_component.h">
      <Filter>Header Files</Filter>
    </ClInclude>
    <ClInclude Include="include/app_framework/components/renderable_component.h">
      <Filter>Header Files</Filter>
    </ClInclude>
    <ClInclude Include="include/app_framework/components/text_component.h">
      <Filter>Header Files</Filter>
    </ClInclude>
    <ClInclude Include="include/app_framework/geometry/axis_mesh.h">
      <Filter>Header Files</Filter>
    </ClInclude>
    <ClInclude Include="include/app_framework/geometry/cube_mesh.h">
      <Filter>Header Files</Filter>
    </ClInclude>
    <ClInclude Include="include/app_framework/geometry/quad_mesh.h">
      <Filter>Header Files</Filter>
    </ClInclude>
    <ClInclude Include="include/app_framework/input/input_command_handler.h">
      <Filter>Header Files</Filter>
    </ClInclude>
    <ClInclude Include="include/app_framework/input/input_handler.h">
      <Filter>Header Files</Filter>
    </ClInclude>
    <ClInclude Include="include/app_framework/input/ml_input_handler.h">
      <Filter>Header Files</Filter>
    </ClInclude>
    <ClInclude Include="include/app_framework/material/flat_material.h">
      <Filter>Header Files</Filter>
    </ClInclude>
    <ClInclude Include="include/app_framework/material/magicleap_mesh_visualization_material.h">
      <Filter>Header Files</Filter>
    </ClInclude>
    <ClInclude Include="include/app_framework/material/oes_textured_material.h">
      <Filter>Header Files</Filter>
    </ClInclude>
    <ClInclude Include="include/app_framework/material/pbr_material.h">
      <Filter>Header Files</Filter>
    </ClInclude>
    <ClInclude Include="include/app_framework/material/textured_material.h">
      <Filter>Header Files</Filter>
    </ClInclude>
    <ClInclude Include="include/app_framework/render/buffer.h">
      <Filter>Header Files</Filter>
    </ClInclude>
    <ClInclude Include="include/app_framework/render/fragment_program.h">
      <Filter>Header Files</Filter>
    </ClInclude>
    <ClInclude Include="include/app_framework/render/geometry_program.h">
      <Filter>Header Files</Filter>
    </ClInclude>
    <ClInclude Include="include/app_framework/render/gl_type_size.h">
      <Filter>Header Files</Filter>
    </ClInclude>
    <ClInclude Include="include/app_framework/render/index_buffer.h">
      <Filter>Header Files</Filter>
    </ClInclude>
    <ClInclude Include="include/app_framework/render/material.h">
      <Filter>Header Files</Filter>
    </ClInclude>
    <ClInclude Include="include/app_framework/render/mesh.h">
      <Filter>Header Files</Filter>
    </ClInclude>
    <ClInclude Include="include/app_framework/render/program.h">
      <Filter>Header Files</Filter>
    </ClInclude>
    <ClInclude Include="include/app_framework/render/renderer.h">
      <Filter>Header Files</Filter>
    </ClInclude>
    <ClInclude Include="include/app_framework/render/render_target.h">
      <Filter>Header Files</Filter>
    </ClInclude>
    <ClInclude Include="include/app_framework/render/texture.h">
      <Filter>Header Files</Filter>
    </ClInclude>
    <ClInclude Include="include/app_framework/render/variable.h">
      <Filter>Header Files</Filter>
    </ClInclude>
    <ClInclude Include="include/app_framework/render/vertex_buffer.h">
      <Filter>Header Files</Filter>
    </ClInclude>
    <ClInclude Include="include/app_framework/render/vertex_program.h">
      <Filter>Header Files</Filter>
    </ClInclude>
    <ClInclude Include="include/app_framework/shader/magicleap_mesh_gs_program.h">
      <Filter>Header Files</Filter>
    </ClInclude>
    <ClInclude Include="include/app_framework/shader/magicleap_mesh_vs_program.h">
      <Filter>Header Files</Filter>
    </ClInclude>
    <ClInclude Include="include/app_framework/shader/oes_textured_fs_program.h">
      <Filter>Header Files</Filter>
    </ClInclude>
    <ClInclude Include="include/app_framework/shader/pbr_fs_program.h">
      <Filter>Header Files</Filter>
    </ClInclude>
    <ClInclude Include="include/app_framework/shader/pbr_vs_program.h">
      <Filter>Header Files</Filter>
    </ClInclude>
    <ClInclude Include="include/app_framework/shader/simple_textured_fs_program.h">
      <Filter>Header Files</Filter>
    </ClInclude>
    <ClInclude Include="include/app_framework/shader/simple_textured_vs_program.h">
      <Filter>Header Files</Filter>
    </ClInclude>
    <ClInclude Include="include/app_framework/shader/solid_color_fs_program.h">
      <Filter>Header Files</Filter>
    </ClInclude>
    <ClInclude Include="include/app_framework/shader/solid_color_vs_program.h">
      <Filter>Header Files</Filter>
    </ClInclude>
    <ClInclude Include="include/app_framework/application.h">
      <Filter>Header Files</Filter>
    </ClInclude>
    <ClInclude Include="include/app_framework/cli_args_parser.h">
      <Filter>Header Files</Filter>
    </ClInclude>
    <ClInclude Include="include/app_framework/common.h">
      <Filter>Header Files</Filter>
    </ClInclude>
    <ClInclude Include="include/app_framework/component.h">
      <Filter>Header Files</Filter>
    </ClInclude>
    <ClInclude Include="include/app_framework/convert.h">
      <Filter>Header Files</Filter>
    </ClInclude>
    <ClInclude Include="include/app_framework/graphics_context.h">
      <Filter>Header Files</Filter>
    </ClInclude>
    <ClInclude Include="include/app_framework/gui.h">
      <Filter>Header Files</Filter>
    </ClInclude>
    <ClInclude Include="include/app_framework/ml_macros.h">
      <Filter>Header Files</Filter>
    </ClInclude>
    <ClInclude Include="include/app_framework/node.h">
      <Filter>Header Files</Filter>
    </ClInclude>
    <ClInclude Include="include/app_framework/preset_resource.h">
      <Filter>Header Files</Filter>
    </ClInclude>
    <ClInclude Include="include/app_framework/registry.h">
      <Filter>Header Files</Filter>
    </ClInclude>
    <ClInclude Include="include/app_framework/resource_pool.h">
      <Filter>Header Files</Filter>
    </ClInclude>
    <ClInclude Include="include/app_framework/resource_pool.inl">
      <Filter>Header Files</Filter>
    </ClInclude>
    <ClInclude Include="include/app_framework/runtime_type.h">
      <Filter>Header Files</Filter>
    </ClInclude>
    <ClInclude Include="include/app_framework/toolset.h">
      <Filter>Header Files</Filter>
    </ClInclude>
  </ItemGroup>
  <ItemGroup>
    <None Include="external/assimp-v.5.0.0.rc1/contrib/zip/zip.png">
      <Filter>Resource Files</Filter>
    </None>
    <None Include="external/assimp-v.5.0.0.rc1/doc/architecture/assimp-process.png">
      <Filter>Resource Files</Filter>
    </None>
    <None Include="external/assimp-v.5.0.0.rc1/doc/architecture/exporter.png">
      <Filter>Resource Files</Filter>
    </None>
    <None Include="external/assimp-v.5.0.0.rc1/doc/architecture/usecases.png">
      <Filter>Resource Files</Filter>
    </None>
    <None Include="external/assimp-v.5.0.0.rc1/doc/AssimpCmdDoc_Html/dragonsplash.png">
      <Filter>Resource Files</Filter>
    </None>
    <None Include="external/assimp-v.5.0.0.rc1/doc/AssimpDoc_Html/AnimationOverview.png">
      <Filter>Resource Files</Filter>
    </None>
    <None Include="external/assimp-v.5.0.0.rc1/doc/AssimpDoc_Html/dragonsplash.png">
      <Filter>Resource Files</Filter>
    </None>
    <None Include="external/assimp-v.5.0.0.rc1/port/PyAssimp/3d_viewer_screenshot.png">
      <Filter>Resource Files</Filter>
    </None>
    <None Include="external/assimp-v.5.0.0.rc1/test/models/3DS/UVTransformTest/UVTransformTestImg.png">
      <Filter>Resource Files</Filter>
    </None>
    <None Include="external/assimp-v.5.0.0.rc1/test/models/3DS/CWALL02.jpg">
      <Filter>Resource Files</Filter>
    </None>
    <None Include="external/assimp-v.5.0.0.rc1/test/models/3DS/IMAGE1.bmp">
      <Filter>Resource Files</Filter>
    </None>
    <None Include="external/assimp-v.5.0.0.rc1/test/models/3DS/IMAGE2.jpg">
      <Filter>Resource Files</Filter>
    </None>
    <None Include="external/assimp-v.5.0.0.rc1/test/models/3DS/test.png">
      <Filter>Resource Files</Filter>
    </None>
    <None Include="external/assimp-v.5.0.0.rc1/test/models/Collada/Collada_Sample.jpg">
      <Filter>Resource Files</Filter>
    </None>
    <None Include="external/assimp-v.5.0.0.rc1/test/models/Collada/duck_sample.jpg">
      <Filter>Resource Files</Filter>
    </None>
    <None Include="external/assimp-v.5.0.0.rc1/test/models/Collada/sphere_sample.jpg">
      <Filter>Resource Files</Filter>
    </None>
    <None Include="external/assimp-v.5.0.0.rc1/test/models/Collada/teapots_reference.png">
      <Filter>Resource Files</Filter>
    </None>
    <None Include="external/assimp-v.5.0.0.rc1/test/models/glTF/BoxTextured-glTF/CesiumLogoFlat.png">
      <Filter>Resource Files</Filter>
    </None>
    <None Include="external/assimp-v.5.0.0.rc1/test/models/glTF/BoxTextured-glTF-MaterialsCommon/CesiumLogoFlat.png">
      <Filter>Resource Files</Filter>
    </None>
    <None Include="external/assimp-v.5.0.0.rc1/test/models/glTF/CesiumMilkTruck/CesiumMilkTruck.png">
      <Filter>Resource Files</Filter>
    </None>
    <None Include="external/assimp-v.5.0.0.rc1/test/models/glTF2/BoxTextured-glTF/CesiumLogoFlat.png">
      <Filter>Resource Files</Filter>
    </None>
    <None Include="external/assimp-v.5.0.0.rc1/test/models/glTF2/BoxTextured-glTF-pbrSpecularGlossiness/CesiumLogoFlat.png">
      <Filter>Resource Files</Filter>
    </None>
    <None Include="external/assimp-v.5.0.0.rc1/test/models/glTF2/BoxTextured-glTF-techniqueWebGL/CesiumLogoFlat.png">
      <Filter>Resource Files</Filter>
    </None>
    <None Include="external/assimp-v.5.0.0.rc1/test/models/IRRMesh/1.png">
      <Filter>Resource Files</Filter>
    </None>
    <None Include="external/assimp-v.5.0.0.rc1/test/models/IRRMesh/brownground_1-1.jpg">
      <Filter>Resource Files</Filter>
    </None>
    <None Include="external/assimp-v.5.0.0.rc1/test/models/IRRMesh/crackedground_1-6.jpg">
      <Filter>Resource Files</Filter>
    </None>
    <None Include="external/assimp-v.5.0.0.rc1/test/models/LWO/LWO2/MappingModes/earthCylindric.jpg">
      <Filter>Resource Files</Filter>
    </None>
    <None Include="external/assimp-v.5.0.0.rc1/test/models/LWO/LWO2/MappingModes/earthSpherical.jpg">
      <Filter>Resource Files</Filter>
    </None>
    <None Include="external/assimp-v.5.0.0.rc1/test/models/LWO/LWO2/boxuv.png">
      <Filter>Resource Files</Filter>
    </None>
    <None Include="external/assimp-v.5.0.0.rc1/test/models/LWO/LWO2/uvtest.png">
      <Filter>Resource Files</Filter>
    </None>
    <None Include="external/assimp-v.5.0.0.rc1/test/models/LWO/LWO2/white.bmp">
      <Filter>Resource Files</Filter>
    </None>
    <None Include="external/assimp-v.5.0.0.rc1/test/models/MD2/faerie2.bmp">
      <Filter>Resource Files</Filter>
    </None>
    <None Include="external/assimp-v.5.0.0.rc1/test/models/MD2/sydney.bmp">
      <Filter>Resource Files</Filter>
    </None>
    <None Include="external/assimp-v.5.0.0.rc1/test/models/MS3D/jeep1.jpg">
      <Filter>Resource Files</Filter>
    </None>
    <None Include="external/assimp-v.5.0.0.rc1/test/models/OBJ/drkwood2.jpg">
      <Filter>Resource Files</Filter>
    </None>
    <None Include="external/assimp-v.5.0.0.rc1/test/models/OBJ/engineflare1.jpg">
      <Filter>Resource Files</Filter>
    </None>
    <None Include="external/assimp-v.5.0.0.rc1/test/models/OBJ/SpiderTex.jpg">
      <Filter>Resource Files</Filter>
    </None>
    <None Include="external/assimp-v.5.0.0.rc1/test/models/OBJ/wal67ar_small.jpg">
      <Filter>Resource Files</Filter>
    </None>
    <None Include="external/assimp-v.5.0.0.rc1/test/models/OBJ/wal69ar_small.jpg">
      <Filter>Resource Files</Filter>
    </None>
    <None Include="external/assimp-v.5.0.0.rc1/test/models/Ogre/TheThing/Wrinkles.jpg">
      <Filter>Resource Files</Filter>
    </None>
    <None Include="external/assimp-v.5.0.0.rc1/test/models/ReferenceImages/MappingModes/cylindrical.png">
      <Filter>Resource Files</Filter>
    </None>
    <None Include="external/assimp-v.5.0.0.rc1/test/models/ReferenceImages/MappingModes/spherical.png">
      <Filter>Resource Files</Filter>
    </None>
    <None Include="external/assimp-v.5.0.0.rc1/test/models/ReferenceImages/UVTransform/UVTransform_Normal.png">
      <Filter>Resource Files</Filter>
    </None>
    <None Include="external/assimp-v.5.0.0.rc1/test/models/ReferenceImages/UVTransform/UVTransform_OffsetUV0.5-clampUV.png">
      <Filter>Resource Files</Filter>
    </None>
    <None Include="external/assimp-v.5.0.0.rc1/test/models/ReferenceImages/UVTransform/UVTransform_OffsetUV0.5-mirrorUV.png">
      <Filter>Resource Files</Filter>
    </None>
    <None Include="external/assimp-v.5.0.0.rc1/test/models/ReferenceImages/UVTransform/UVTransform_OffsetUV0.5.png">
      <Filter>Resource Files</Filter>
    </None>
    <None Include="external/assimp-v.5.0.0.rc1/test/models/ReferenceImages/UVTransform/UVTransform_ScaleUV1-2_OffsetUV0-0.9_Rotate-72.png">
      <Filter>Resource Files</Filter>
    </None>
    <None Include="external/assimp-v.5.0.0.rc1/test/models/ReferenceImages/UVTransform/UVTransform_ScaleUV1-2_OffsetUV0-0.9_Rotate-72_mirrorU.png">
      <Filter>Resource Files</Filter>
    </None>
    <None Include="external/assimp-v.5.0.0.rc1/test/models/ReferenceImages/UVTransform/UVTransform_ScaleUV10-2_OffsetUV10-mirrorUV.png">
      <Filter>Resource Files</Filter>
    </None>
    <None Include="external/assimp-v.5.0.0.rc1/test/models/ReferenceImages/UVTransform/UVTransform_ScaleUV2x.png">
      <Filter>Resource Files</Filter>
    </None>
    <None Include="external/assimp-v.5.0.0.rc1/test/models/ReferenceImages/UVTransform/UVTransform_ScaleUV2x_Rotate45.png">
      <Filter>Resource Files</Filter>
    </None>
    <None Include="external/assimp-v.5.0.0.rc1/test/models/SIB/This%20Way%20Up.png">
      <Filter>Resource Files</Filter>
    </None>
    <None Include="external/assimp-v.5.0.0.rc1/test/models/SIB/UV%20Mapping.png">
      <Filter>Resource Files</Filter>
    </None>
    <None Include="external/assimp-v.5.0.0.rc1/test/models/X/test.png">
      <Filter>Resource Files</Filter>
    </None>
    <None Include="external/assimp-v.5.0.0.rc1/test/models-nonbsd/3DS/jeep1.jpg">
      <Filter>Resource Files</Filter>
    </None>
    <None Include="external/assimp-v.5.0.0.rc1/test/models-nonbsd/3DS/mp5sil.bmp">
      <Filter>Resource Files</Filter>
    </None>
    <None Include="external/assimp-v.5.0.0.rc1/test/models-nonbsd/3DS/m_rifl.bmp">
      <Filter>Resource Files</Filter>
    </None>
    <None Include="external/assimp-v.5.0.0.rc1/test/models-nonbsd/AMF/screenshot_3_bananas.jpeg">
      <Filter>Resource Files</Filter>
    </None>
    <None Include="external/assimp-v.5.0.0.rc1/test/models-nonbsd/B3D/axe.jpg">
      <Filter>Resource Files</Filter>
    </None>
    <None Include="external/assimp-v.5.0.0.rc1/test/models-nonbsd/B3D/dwarf2.jpg">
      <Filter>Resource Files</Filter>
    </None>
    <None Include="external/assimp-v.5.0.0.rc1/test/models-nonbsd/B3D/turtle1.png">
      <Filter>Resource Files</Filter>
    </None>
    <None Include="external/assimp-v.5.0.0.rc1/test/models-nonbsd/FBX/2013_ASCII/duck_sample.jpg">
      <Filter>Resource Files</Filter>
    </None>
    <None Include="external/assimp-v.5.0.0.rc1/test/models-nonbsd/FBX/2013_ASCII/jeep1.jpg">
      <Filter>Resource Files</Filter>
    </None>
    <None Include="external/assimp-v.5.0.0.rc1/test/models-nonbsd/FBX/2013_ASCII/mp5sil.bmp">
      <Filter>Resource Files</Filter>
    </None>
    <None Include="external/assimp-v.5.0.0.rc1/test/models-nonbsd/FBX/2013_ASCII/m_rifl.bmp">
      <Filter>Resource Files</Filter>
    </None>
    <None Include="external/assimp-v.5.0.0.rc1/test/models-nonbsd/IRR/skybox/default_skybox0.jpg">
      <Filter>Resource Files</Filter>
    </None>
    <None Include="external/assimp-v.5.0.0.rc1/test/models-nonbsd/IRR/skybox/default_skybox1.jpg">
      <Filter>Resource Files</Filter>
    </None>
    <None Include="external/assimp-v.5.0.0.rc1/test/models-nonbsd/IRR/skybox/default_skybox2.jpg">
      <Filter>Resource Files</Filter>
    </None>
    <None Include="external/assimp-v.5.0.0.rc1/test/models-nonbsd/IRR/skybox/default_skybox3.jpg">
      <Filter>Resource Files</Filter>
    </None>
    <None Include="external/assimp-v.5.0.0.rc1/test/models-nonbsd/IRR/skybox/default_skyboxdn.jpg">
      <Filter>Resource Files</Filter>
    </None>
    <None Include="external/assimp-v.5.0.0.rc1/test/models-nonbsd/IRR/skybox/default_skyboxup.jpg">
      <Filter>Resource Files</Filter>
    </None>
    <None Include="external/assimp-v.5.0.0.rc1/test/models-nonbsd/MD2/dolphin_f.bmp">
      <Filter>Resource Files</Filter>
    </None>
    <None Include="external/assimp-v.5.0.0.rc1/test/models-nonbsd/MD5/guard1_body.png">
      <Filter>Resource Files</Filter>
    </None>
    <None Include="external/assimp-v.5.0.0.rc1/test/models-nonbsd/MD5/guard1_face.png">
      <Filter>Resource Files</Filter>
    </None>
    <None Include="external/assimp-v.5.0.0.rc1/test/models-nonbsd/MD5/guard1_helmet.png">
      <Filter>Resource Files</Filter>
    </None>
    <None Include="external/assimp-v.5.0.0.rc1/test/models-nonbsd/MD5/iron_grill.png">
      <Filter>Resource Files</Filter>
    </None>
    <None Include="external/assimp-v.5.0.0.rc1/test/models-nonbsd/MD5/round_grill.png">
      <Filter>Resource Files</Filter>
    </None>
    <None Include="external/assimp-v.5.0.0.rc1/test/models-nonbsd/MDL/MDL7%20(3DGS%20A7)/barkD_texture.bmp">
      <Filter>Resource Files</Filter>
    </None>
    <None Include="external/assimp-v.5.0.0.rc1/test/models-nonbsd/MDL/MDL7%20(3DGS%20A7)/branchD_texture.png">
      <Filter>Resource Files</Filter>
    </None>
    <None Include="external/assimp-v.5.0.0.rc1/test/models-nonbsd/Ogre/OgreSDK/fish.jpg">
      <Filter>Resource Files</Filter>
    </None>
    <None Include="external/assimp-v.5.0.0.rc1/test/models-nonbsd/Ogre/OgreSDK/ninja.jpg">
      <Filter>Resource Files</Filter>
    </None>
    <None Include="external/assimp-v.5.0.0.rc1/test/models-nonbsd/Ogre/OgreSDK/razor.jpg">
      <Filter>Resource Files</Filter>
    </None>
    <None Include="external/assimp-v.5.0.0.rc1/test/models-nonbsd/X/axe.jpg">
      <Filter>Resource Files</Filter>
    </None>
    <None Include="external/assimp-v.5.0.0.rc1/test/models-nonbsd/X/dwarf.jpg">
      <Filter>Resource Files</Filter>
    </None>
    <None Include="external/assimp-v.5.0.0.rc1/test/models-nonbsd/X3D/Chevy/textures/ChevyTahoeTexture.jpg">
      <Filter>Resource Files</Filter>
    </None>
    <None Include="external/assimp-v.5.0.0.rc1/test/models-nonbsd/X3D/Chevy/textures/ChevyTahoeTires.jpg">
      <Filter>Resource Files</Filter>
    </None>
    <None Include="external/assimp-v.5.0.0.rc1/tools/assimp_view/banner.bmp">
      <Filter>Resource Files</Filter>
    </None>
    <None Include="external/assimp-v.5.0.0.rc1/tools/assimp_view/banner_pure.bmp">
      <Filter>Resource Files</Filter>
    </None>
    <None Include="external/assimp-v.5.0.0.rc1/tools/assimp_view/base_anim.bmp">
      <Filter>Resource Files</Filter>
    </None>
    <None Include="external/assimp-v.5.0.0.rc1/tools/assimp_view/base_display.bmp">
      <Filter>Resource Files</Filter>
    </None>
    <None Include="external/assimp-v.5.0.0.rc1/tools/assimp_view/base_inter.bmp">
      <Filter>Resource Files</Filter>
    </None>
    <None Include="external/assimp-v.5.0.0.rc1/tools/assimp_view/base_rendering.bmp">
      <Filter>Resource Files</Filter>
    </None>
    <None Include="external/assimp-v.5.0.0.rc1/tools/assimp_view/base_stats.bmp">
      <Filter>Resource Files</Filter>
    </None>
    <None Include="external/assimp-v.5.0.0.rc1/tools/assimp_view/fx.bmp">
      <Filter>Resource Files</Filter>
    </None>
    <None Include="external/assimp-v.5.0.0.rc1/tools/assimp_view/HUD.png">
      <Filter>Resource Files</Filter>
    </None>
    <None Include="external/assimp-v.5.0.0.rc1/tools/assimp_view/HUDMask.png">
      <Filter>Resource Files</Filter>
    </None>
    <None Include="external/assimp-v.5.0.0.rc1/tools/assimp_view/n.bmp">
      <Filter>Resource Files</Filter>
    </None>
    <None Include="external/assimp-v.5.0.0.rc1/tools/assimp_view/root.bmp">
      <Filter>Resource Files</Filter>
    </None>
    <None Include="external/assimp-v.5.0.0.rc1/tools/assimp_view/tx.bmp">
      <Filter>Resource Files</Filter>
    </None>
    <None Include="external/assimp-v.5.0.0.rc1/tools/assimp_view/txi.bmp">
      <Filter>Resource Files</Filter>
    </None>
    <None Include="external/assimp-v.5.0.0.rc1/tools/shared/assimp_tools_icon.png">
      <Filter>Resource Files</Filter>
    </None>
    <None Include="external/glm-0.9.9.4/doc/api/search/close.png">
      <Filter>Resource Files</Filter>
    </None>
    <None Include="external/glm-0.9.9.4/doc/api/search/mag_sel.png">
      <Filter>Resource Files</Filter>
    </None>
    <None Include="external/glm-0.9.9.4/doc/api/search/search_l.png">
      <Filter>Resource Files</Filter>
    </None>
    <None Include="external/glm-0.9.9.4/doc/api/search/search_m.png">
      <Filter>Resource Files</Filter>
    </None>
    <None Include="external/glm-0.9.9.4/doc/api/search/search_r.png">
      <Filter>Resource Files</Filter>
    </None>
    <None Include="external/glm-0.9.9.4/doc/api/bc_s.png">
      <Filter>Resource Files</Filter>
    </None>
    <None Include="external/glm-0.9.9.4/doc/api/bdwn.png">
      <Filter>Resource Files</Filter>
    </None>
    <None Include="external/glm-0.9.9.4/doc/api/closed.png">
      <Filter>Resource Files</Filter>
    </None>
    <None Include="external/glm-0.9.9.4/doc/api/doc.png">
      <Filter>Resource Files</Filter>
    </None>
    <None Include="external/glm-0.9.9.4/doc/api/doxygen.png">
      <Filter>Resource Files</Filter>
    </None>
    <None Include="external/glm-0.9.9.4/doc/api/folderclosed.png">
      <Filter>Resource Files</Filter>
    </None>
    <None Include="external/glm-0.9.9.4/doc/api/folderopen.png">
      <Filter>Resource Files</Filter>
    </None>
    <None Include="external/glm-0.9.9.4/doc/api/logo-mini.png">
      <Filter>Resource Files</Filter>
    </None>
    <None Include="external/glm-0.9.9.4/doc/api/nav_f.png">
      <Filter>Resource Files</Filter>
    </None>
    <None Include="external/glm-0.9.9.4/doc/api/nav_g.png">
      <Filter>Resource Files</Filter>
    </None>
    <None Include="external/glm-0.9.9.4/doc/api/nav_h.png">
      <Filter>Resource Files</Filter>
    </None>
    <None Include="external/glm-0.9.9.4/doc/api/open.png">
      <Filter>Resource Files</Filter>
    </None>
    <None Include="external/glm-0.9.9.4/doc/api/splitbar.png">
      <Filter>Resource Files</Filter>
    </None>
    <None Include="external/glm-0.9.9.4/doc/api/sync_off.png">
      <Filter>Resource Files</Filter>
    </None>
    <None Include="external/glm-0.9.9.4/doc/api/sync_on.png">
      <Filter>Resource Files</Filter>
    </None>
    <None Include="external/glm-0.9.9.4/doc/api/tab_a.png">
      <Filter>Resource Files</Filter>
    </None>
    <None Include="external/glm-0.9.9.4/doc/api/tab_b.png">
      <Filter>Resource Files</Filter>
    </None>
    <None Include="external/glm-0.9.9.4/doc/api/tab_h.png">
      <Filter>Resource Files</Filter>
    </None>
    <None Include="external/glm-0.9.9.4/doc/api/tab_s.png">
      <Filter>Resource Files</Filter>
    </None>
    <None Include="external/glm-0.9.9.4/doc/manual/frontpage1.png">
      <Filter>Resource Files</Filter>
    </None>
    <None Include="external/glm-0.9.9.4/doc/manual/frontpage2.png">
      <Filter>Resource Files</Filter>
    </None>
    <None Include="external/glm-0.9.9.4/doc/manual/g-truc.png">
      <Filter>Resource Files</Filter>
    </None>
    <None Include="external/glm-0.9.9.4/doc/manual/logo-mini.png">
      <Filter>Resource Files</Filter>
    </None>
    <None Include="external/glm-0.9.9.4/doc/manual/noise-perlin1.jpg">
      <Filter>Resource Files</Filter>
    </None>
    <None Include="external/glm-0.9.9.4/doc/manual/noise-perlin2.jpg">
      <Filter>Resource Files</Filter>
    </None>
    <None Include="external/glm-0.9.9.4/doc/manual/noise-perlin3.jpg">
      <Filter>Resource Files</Filter>
    </None>
    <None Include="external/glm-0.9.9.4/doc/manual/noise-perlin4.png">
      <Filter>Resource Files</Filter>
    </None>
    <None Include="external/glm-0.9.9.4/doc/manual/noise-perlin5.png">
      <Filter>Resource Files</Filter>
    </None>
    <None Include="external/glm-0.9.9.4/doc/manual/noise-perlin6.png">
      <Filter>Resource Files</Filter>
    </None>
    <None Include="external/glm-0.9.9.4/doc/manual/noise-simplex1.jpg">
      <Filter>Resource Files</Filter>
    </None>
    <None Include="external/glm-0.9.9.4/doc/manual/noise-simplex2.jpg">
      <Filter>Resource Files</Filter>
    </None>
    <None Include="external/glm-0.9.9.4/doc/manual/noise-simplex3.jpg">
      <Filter>Resource Files</Filter>
    </None>
    <None Include="external/glm-0.9.9.4/doc/manual/random-ballrand.png">
      <Filter>Resource Files</Filter>
    </None>
    <None Include="external/glm-0.9.9.4/doc/manual/random-circularrand.png">
      <Filter>Resource Files</Filter>
    </None>
    <None Include="external/glm-0.9.9.4/doc/manual/random-diskrand.png">
      <Filter>Resource Files</Filter>
    </None>
    <None Include="external/glm-0.9.9.4/doc/manual/random-gaussrand.png">
      <Filter>Resource Files</Filter>
    </None>
    <None Include="external/glm-0.9.9.4/doc/manual/random-linearrand.png">
      <Filter>Resource Files</Filter>
    </None>
    <None Include="external/glm-0.9.9.4/doc/manual/random-sphericalrand.png">
      <Filter>Resource Files</Filter>
    </None>
    <None Include="external/glm-0.9.9.4/doc/manual/references-cinder.png">
      <Filter>Resource Files</Filter>
    </None>
    <None Include="external/glm-0.9.9.4/doc/manual/references-glsl4book.jpg">
      <Filter>Resource Files</Filter>
    </None>
    <None Include="external/glm-0.9.9.4/doc/manual/references-leosfortune.jpeg">
      <Filter>Resource Files</Filter>
    </None>
    <None Include="external/glm-0.9.9.4/doc/manual/references-leosfortune2.jpg">
      <Filter>Resource Files</Filter>
    </None>
    <None Include="external/glm-0.9.9.4/doc/manual/references-opencloth1.png">
      <Filter>Resource Files</Filter>
    </None>
    <None Include="external/glm-0.9.9.4/doc/manual/references-opencloth3.png">
      <Filter>Resource Files</Filter>
    </None>
    <None Include="external/glm-0.9.9.4/doc/manual/references-outerra1.jpg">
      <Filter>Resource Files</Filter>
    </None>
    <None Include="external/glm-0.9.9.4/doc/manual/references-outerra2.jpg">
      <Filter>Resource Files</Filter>
    </None>
    <None Include="external/glm-0.9.9.4/doc/manual/references-outerra3.jpg">
      <Filter>Resource Files</Filter>
    </None>
    <None Include="external/glm-0.9.9.4/doc/manual/references-outerra4.jpg">
      <Filter>Resource Files</Filter>
    </None>
    <None Include="external/glm-0.9.9.4/doc/theme/bc_s.png">
      <Filter>Resource Files</Filter>
    </None>
    <None Include="external/glm-0.9.9.4/doc/theme/bdwn.png">
      <Filter>Resource Files</Filter>
    </None>
    <None Include="external/glm-0.9.9.4/doc/theme/closed.png">
      <Filter>Resource Files</Filter>
    </None>
    <None Include="external/glm-0.9.9.4/doc/theme/doc.png">
      <Filter>Resource Files</Filter>
    </None>
    <None Include="external/glm-0.9.9.4/doc/theme/doxygen.png">
      <Filter>Resource Files</Filter>
    </None>
    <None Include="external/glm-0.9.9.4/doc/theme/folderclosed.png">
      <Filter>Resource Files</Filter>
    </None>
    <None Include="external/glm-0.9.9.4/doc/theme/folderopen.png">
      <Filter>Resource Files</Filter>
    </None>
    <None Include="external/glm-0.9.9.4/doc/theme/logo-mini.png">
      <Filter>Resource Files</Filter>
    </None>
    <None Include="external/glm-0.9.9.4/doc/theme/nav_f.png">
      <Filter>Resource Files</Filter>
    </None>
    <None Include="external/glm-0.9.9.4/doc/theme/nav_g.png">
      <Filter>Resource Files</Filter>
    </None>
    <None Include="external/glm-0.9.9.4/doc/theme/nav_h.png">
      <Filter>Resource Files</Filter>
    </None>
    <None Include="external/glm-0.9.9.4/doc/theme/open.png">
      <Filter>Resource Files</Filter>
    </None>
    <None Include="external/glm-0.9.9.4/doc/theme/splitbar.png">
      <Filter>Resource Files</Filter>
    </None>
    <None Include="external/glm-0.9.9.4/doc/theme/sync_off.png">
      <Filter>Resource Files</Filter>
    </None>
    <None Include="external/glm-0.9.9.4/doc/theme/sync_on.png">
      <Filter>Resource Files</Filter>
    </None>
    <None Include="external/glm-0.9.9.4/doc/theme/tab_a.png">
      <Filter>Resource Files</Filter>
    </None>
    <None Include="external/glm-0.9.9.4/doc/theme/tab_b.png">
      <Filter>Resource Files</Filter>
    </None>
    <None Include="external/glm-0.9.9.4/doc/theme/tab_h.png">
      <Filter>Resource Files</Filter>
    </None>
    <None Include="external/glm-0.9.9.4/doc/theme/tab_s.png">
      <Filter>Resource Files</Filter>
    </None>
    <None Include="external/imgui-1.68/examples/example_apple_metal/iOS/Default-568h@2x.png">
      <Filter>Resource Files</Filter>
    </None>
    <None Include="external/json-3.6.1/doc/images/binary.png">
      <Filter>Resource Files</Filter>
    </None>
    <None Include="external/json-3.6.1/doc/images/callback_events.png">
      <Filter>Resource Files</Filter>
    </None>
    <None Include="external/json-3.6.1/doc/usages/ios.png">
      <Filter>Resource Files</Filter>
    </None>
    <None Include="external/json-3.6.1/doc/usages/macos.png">
      <Filter>Resource Files</Filter>
    </None>
    <None Include="external/json-3.6.1/doc/avatars.png">
      <Filter>Resource Files</Filter>
    </None>
    <None Include="external/json-3.6.1/doc/json.gif">
      <Filter>Resource Files</Filter>
    </None>
    <None Include="external/json-3.6.1/test/reports/2016-08-29-fuzz/exec_speed.png">
      <Filter>Resource Files</Filter>
    </None>
    <None Include="external/json-3.6.1/test/reports/2016-08-29-fuzz/high_freq.png">
      <Filter>Resource Files</Filter>
    </None>
    <None Include="external/json-3.6.1/test/reports/2016-08-29-fuzz/low_freq.png">
      <Filter>Resource Files</Filter>
    </None>
    <None Include="external/json-3.6.1/test/reports/2016-09-09-nativejson_benchmark/conformance_overall_Result.png">
      <Filter>Resource Files</Filter>
    </None>
    <None Include="external/json-3.6.1/test/reports/2016-09-09-nativejson_benchmark/performance_Corei7-4980HQ@2.80GHz_mac64_clang7.0_1._Parse_Memory_(byte).png">
      <Filter>Resource Files</Filter>
    </None>
    <None Include="external/json-3.6.1/test/reports/2016-09-09-nativejson_benchmark/performance_Corei7-4980HQ@2.80GHz_mac64_clang7.0_1._Parse_Time_(ms).png">
      <Filter>Resource Files</Filter>
    </None>
    <None Include="external/json-3.6.1/test/reports/2016-09-09-nativejson_benchmark/performance_Corei7-4980HQ@2.80GHz_mac64_clang7.0_2._Stringify_Time_(ms).png">
      <Filter>Resource Files</Filter>
    </None>
    <None Include="external/json-3.6.1/test/reports/2016-09-09-nativejson_benchmark/performance_Corei7-4980HQ@2.80GHz_mac64_clang7.0_3._Prettify_Time_(ms).png">
      <Filter>Resource Files</Filter>
    </None>
    <None Include="external/json-3.6.1/test/reports/2016-09-09-nativejson_benchmark/performance_Corei7-4980HQ@2.80GHz_mac64_clang7.0_7._Code_size_FileSize_(byte).png">
      <Filter>Resource Files</Filter>
    </None>
    <None Include="external/json-3.6.1/test/reports/2016-10-02-fuzz/exec_speed.png">
      <Filter>Resource Files</Filter>
    </None>
    <None Include="external/json-3.6.1/test/reports/2016-10-02-fuzz/high_freq.png">
      <Filter>Resource Files</Filter>
    </None>
    <None Include="external/json-3.6.1/test/reports/2016-10-02-fuzz/low_freq.png">
      <Filter>Resource Files</Filter>
    </None>
    <None Include="external/libpng-1.6.36/contrib/gregbook/toucan.png">
      <Filter>Resource Files</Filter>
    </None>
    <None Include="external/libpng-1.6.36/contrib/pngsuite/interlaced/ibasn0g01.png">
      <Filter>Resource Files</Filter>
    </None>
    <None Include="external/libpng-1.6.36/contrib/pngsuite/interlaced/ibasn0g02.png">
      <Filter>Resource Files</Filter>
    </None>
    <None Include="external/libpng-1.6.36/contrib/pngsuite/interlaced/ibasn0g04.png">
      <Filter>Resource Files</Filter>
    </None>
    <None Include="external/libpng-1.6.36/contrib/pngsuite/interlaced/ibasn3p01.png">
      <Filter>Resource Files</Filter>
    </None>
    <None Include="external/libpng-1.6.36/contrib/pngsuite/interlaced/ibasn3p02.png">
      <Filter>Resource Files</Filter>
    </None>
    <None Include="external/libpng-1.6.36/contrib/pngsuite/interlaced/ibasn3p04.png">
      <Filter>Resource Files</Filter>
    </None>
    <None Include="external/libpng-1.6.36/contrib/pngsuite/interlaced/iftbbn0g01.png">
      <Filter>Resource Files</Filter>
    </None>
    <None Include="external/libpng-1.6.36/contrib/pngsuite/interlaced/iftbbn0g02.png">
      <Filter>Resource Files</Filter>
    </None>
    <None Include="external/libpng-1.6.36/contrib/pngsuite/interlaced/iftbbn0g04.png">
      <Filter>Resource Files</Filter>
    </None>
    <None Include="external/libpng-1.6.36/contrib/pngsuite/basn0g01.png">
      <Filter>Resource Files</Filter>
    </None>
    <None Include="external/libpng-1.6.36/contrib/pngsuite/basn0g02.png">
      <Filter>Resource Files</Filter>
    </None>
    <None Include="external/libpng-1.6.36/contrib/pngsuite/basn0g04.png">
      <Filter>Resource Files</Filter>
    </None>
    <None Include="external/libpng-1.6.36/contrib/pngsuite/basn0g08.png">
      <Filter>Resource Files</Filter>
    </None>
    <None Include="external/libpng-1.6.36/contrib/pngsuite/basn0g16.png">
      <Filter>Resource Files</Filter>
    </None>
    <None Include="external/libpng-1.6.36/contrib/pngsuite/basn2c08.png">
      <Filter>Resource Files</Filter>
    </None>
    <None Include="external/libpng-1.6.36/contrib/pngsuite/basn2c16.png">
      <Filter>Resource Files</Filter>
    </None>
    <None Include="external/libpng-1.6.36/contrib/pngsuite/basn3p01.png">
      <Filter>Resource Files</Filter>
    </None>
    <None Include="external/libpng-1.6.36/contrib/pngsuite/basn3p02.png">
      <Filter>Resource Files</Filter>
    </None>
    <None Include="external/libpng-1.6.36/contrib/pngsuite/basn3p04.png">
      <Filter>Resource Files</Filter>
    </None>
    <None Include="external/libpng-1.6.36/contrib/pngsuite/basn3p08.png">
      <Filter>Resource Files</Filter>
    </None>
    <None Include="external/libpng-1.6.36/contrib/pngsuite/basn4a08.png">
      <Filter>Resource Files</Filter>
    </None>
    <None Include="external/libpng-1.6.36/contrib/pngsuite/basn4a16.png">
      <Filter>Resource Files</Filter>
    </None>
    <None Include="external/libpng-1.6.36/contrib/pngsuite/basn6a08.png">
      <Filter>Resource Files</Filter>
    </None>
    <None Include="external/libpng-1.6.36/contrib/pngsuite/basn6a16.png">
      <Filter>Resource Files</Filter>
    </None>
    <None Include="external/libpng-1.6.36/contrib/pngsuite/ftbbn0g01.png">
      <Filter>Resource Files</Filter>
    </None>
    <None Include="external/libpng-1.6.36/contrib/pngsuite/ftbbn0g02.png">
      <Filter>Resource Files</Filter>
    </None>
    <None Include="external/libpng-1.6.36/contrib/pngsuite/ftbbn0g04.png">
      <Filter>Resource Files</Filter>
    </None>
    <None Include="external/libpng-1.6.36/contrib/pngsuite/ftbbn2c16.png">
      <Filter>Resource Files</Filter>
    </None>
    <None Include="external/libpng-1.6.36/contrib/pngsuite/ftbbn3p08.png">
      <Filter>Resource Files</Filter>
    </None>
    <None Include="external/libpng-1.6.36/contrib/pngsuite/ftbgn2c16.png">
      <Filter>Resource Files</Filter>
    </None>
    <None Include="external/libpng-1.6.36/contrib/pngsuite/ftbgn3p08.png">
      <Filter>Resource Files</Filter>
    </None>
    <None Include="external/libpng-1.6.36/contrib/pngsuite/ftbrn2c08.png">
      <Filter>Resource Files</Filter>
    </None>
    <None Include="external/libpng-1.6.36/contrib/pngsuite/ftbwn0g16.png">
      <Filter>Resource Files</Filter>
    </None>
    <None Include="external/libpng-1.6.36/contrib/pngsuite/ftbwn3p08.png">
      <Filter>Resource Files</Filter>
    </None>
    <None Include="external/libpng-1.6.36/contrib/pngsuite/ftbyn3p08.png">
      <Filter>Resource Files</Filter>
    </None>
    <None Include="external/libpng-1.6.36/contrib/pngsuite/ftp0n0g08.png">
      <Filter>Resource Files</Filter>
    </None>
    <None Include="external/libpng-1.6.36/contrib/pngsuite/ftp0n2c08.png">
      <Filter>Resource Files</Filter>
    </None>
    <None Include="external/libpng-1.6.36/contrib/pngsuite/ftp0n3p08.png">
      <Filter>Resource Files</Filter>
    </None>
    <None Include="external/libpng-1.6.36/contrib/pngsuite/ftp1n3p08.png">
      <Filter>Resource Files</Filter>
    </None>
    <None Include="external/libpng-1.6.36/contrib/pngsuite/ibasn0g08.png">
      <Filter>Resource Files</Filter>
    </None>
    <None Include="external/libpng-1.6.36/contrib/pngsuite/ibasn0g16.png">
      <Filter>Resource Files</Filter>
    </None>
    <None Include="external/libpng-1.6.36/contrib/pngsuite/ibasn2c08.png">
      <Filter>Resource Files</Filter>
    </None>
    <None Include="external/libpng-1.6.36/contrib/pngsuite/ibasn2c16.png">
      <Filter>Resource Files</Filter>
    </None>
    <None Include="external/libpng-1.6.36/contrib/pngsuite/ibasn3p08.png">
      <Filter>Resource Files</Filter>
    </None>
    <None Include="external/libpng-1.6.36/contrib/pngsuite/ibasn4a08.png">
      <Filter>Resource Files</Filter>
    </None>
    <None Include="external/libpng-1.6.36/contrib/pngsuite/ibasn4a16.png">
      <Filter>Resource Files</Filter>
    </None>
    <None Include="external/libpng-1.6.36/contrib/pngsuite/ibasn6a08.png">
      <Filter>Resource Files</Filter>
    </None>
    <None Include="external/libpng-1.6.36/contrib/pngsuite/ibasn6a16.png">
      <Filter>Resource Files</Filter>
    </None>
    <None Include="external/libpng-1.6.36/contrib/pngsuite/iftbbn2c16.png">
      <Filter>Resource Files</Filter>
    </None>
    <None Include="external/libpng-1.6.36/contrib/pngsuite/iftbbn3p08.png">
      <Filter>Resource Files</Filter>
    </None>
    <None Include="external/libpng-1.6.36/contrib/pngsuite/iftbgn2c16.png">
      <Filter>Resource Files</Filter>
    </None>
    <None Include="external/libpng-1.6.36/contrib/pngsuite/iftbgn3p08.png">
      <Filter>Resource Files</Filter>
    </None>
    <None Include="external/libpng-1.6.36/contrib/pngsuite/iftbrn2c08.png">
      <Filter>Resource Files</Filter>
    </None>
    <None Include="external/libpng-1.6.36/contrib/pngsuite/iftbwn0g16.png">
      <Filter>Resource Files</Filter>
    </None>
    <None Include="external/libpng-1.6.36/contrib/pngsuite/iftbwn3p08.png">
      <Filter>Resource Files</Filter>
    </None>
    <None Include="external/libpng-1.6.36/contrib/pngsuite/iftbyn3p08.png">
      <Filter>Resource Files</Filter>
    </None>
    <None Include="external/libpng-1.6.36/contrib/pngsuite/iftp0n0g08.png">
      <Filter>Resource Files</Filter>
    </None>
    <None Include="external/libpng-1.6.36/contrib/pngsuite/iftp0n2c08.png">
      <Filter>Resource Files</Filter>
    </None>
    <None Include="external/libpng-1.6.36/contrib/pngsuite/iftp0n3p08.png">
      <Filter>Resource Files</Filter>
    </None>
    <None Include="external/libpng-1.6.36/contrib/pngsuite/iftp1n3p08.png">
      <Filter>Resource Files</Filter>
    </None>
    <None Include="external/libpng-1.6.36/contrib/testpngs/crashers/badadler.png">
      <Filter>Resource Files</Filter>
    </None>
    <None Include="external/libpng-1.6.36/contrib/testpngs/crashers/badcrc.png">
      <Filter>Resource Files</Filter>
    </None>
    <None Include="external/libpng-1.6.36/contrib/testpngs/crashers/bad_iCCP.png">
      <Filter>Resource Files</Filter>
    </None>
    <None Include="external/libpng-1.6.36/contrib/testpngs/crashers/empty_ancillary_chunks.png">
      <Filter>Resource Files</Filter>
    </None>
    <None Include="external/libpng-1.6.36/contrib/testpngs/crashers/huge_bKGD_chunk.png">
      <Filter>Resource Files</Filter>
    </None>
    <None Include="external/libpng-1.6.36/contrib/testpngs/crashers/huge_cHRM_chunk.png">
      <Filter>Resource Files</Filter>
    </None>
    <None Include="external/libpng-1.6.36/contrib/testpngs/crashers/huge_eXIf_chunk.png">
      <Filter>Resource Files</Filter>
    </None>
    <None Include="external/libpng-1.6.36/contrib/testpngs/crashers/huge_gAMA_chunk.png">
      <Filter>Resource Files</Filter>
    </None>
    <None Include="external/libpng-1.6.36/contrib/testpngs/crashers/huge_hIST_chunk.png">
      <Filter>Resource Files</Filter>
    </None>
    <None Include="external/libpng-1.6.36/contrib/testpngs/crashers/huge_iCCP_chunk.png">
      <Filter>Resource Files</Filter>
    </None>
    <None Include="external/libpng-1.6.36/contrib/testpngs/crashers/huge_IDAT.png">
      <Filter>Resource Files</Filter>
    </None>
    <None Include="external/libpng-1.6.36/contrib/testpngs/crashers/huge_iTXt_chunk.png">
      <Filter>Resource Files</Filter>
    </None>
    <None Include="external/libpng-1.6.36/contrib/testpngs/crashers/huge_juNk_safe_to_copy.png">
      <Filter>Resource Files</Filter>
    </None>
    <None Include="external/libpng-1.6.36/contrib/testpngs/crashers/huge_juNK_unsafe_to_copy.png">
      <Filter>Resource Files</Filter>
    </None>
    <None Include="external/libpng-1.6.36/contrib/testpngs/crashers/huge_pCAL_chunk.png">
      <Filter>Resource Files</Filter>
    </None>
    <None Include="external/libpng-1.6.36/contrib/testpngs/crashers/huge_pHYs_chunk.png">
      <Filter>Resource Files</Filter>
    </None>
    <None Include="external/libpng-1.6.36/contrib/testpngs/crashers/huge_sCAL_chunk.png">
      <Filter>Resource Files</Filter>
    </None>
    <None Include="external/libpng-1.6.36/contrib/testpngs/crashers/huge_sPLT_chunk.png">
      <Filter>Resource Files</Filter>
    </None>
    <None Include="external/libpng-1.6.36/contrib/testpngs/crashers/huge_sRGB_chunk.png">
      <Filter>Resource Files</Filter>
    </None>
    <None Include="external/libpng-1.6.36/contrib/testpngs/crashers/huge_sTER_chunk.png">
      <Filter>Resource Files</Filter>
    </None>
    <None Include="external/libpng-1.6.36/contrib/testpngs/crashers/huge_tEXt_chunk.png">
      <Filter>Resource Files</Filter>
    </None>
    <None Include="external/libpng-1.6.36/contrib/testpngs/crashers/huge_tIME_chunk.png">
      <Filter>Resource Files</Filter>
    </None>
    <None Include="external/libpng-1.6.36/contrib/testpngs/crashers/huge_zTXt_chunk.png">
      <Filter>Resource Files</Filter>
    </None>
    <None Include="external/libpng-1.6.36/contrib/testpngs/gray-1-1.8-tRNS.png">
      <Filter>Resource Files</Filter>
    </None>
    <None Include="external/libpng-1.6.36/contrib/testpngs/gray-1-1.8.png">
      <Filter>Resource Files</Filter>
    </None>
    <None Include="external/libpng-1.6.36/contrib/testpngs/gray-1-linear-tRNS.png">
      <Filter>Resource Files</Filter>
    </None>
    <None Include="external/libpng-1.6.36/contrib/testpngs/gray-1-linear.png">
      <Filter>Resource Files</Filter>
    </None>
    <None Include="external/libpng-1.6.36/contrib/testpngs/gray-1-sRGB-tRNS.png">
      <Filter>Resource Files</Filter>
    </None>
    <None Include="external/libpng-1.6.36/contrib/testpngs/gray-1-sRGB.png">
      <Filter>Resource Files</Filter>
    </None>
    <None Include="external/libpng-1.6.36/contrib/testpngs/gray-1-tRNS.png">
      <Filter>Resource Files</Filter>
    </None>
    <None Include="external/libpng-1.6.36/contrib/testpngs/gray-1.png">
      <Filter>Resource Files</Filter>
    </None>
    <None Include="external/libpng-1.6.36/contrib/testpngs/gray-16-1.8-tRNS.png">
      <Filter>Resource Files</Filter>
    </None>
    <None Include="external/libpng-1.6.36/contrib/testpngs/gray-16-1.8.png">
      <Filter>Resource Files</Filter>
    </None>
    <None Include="external/libpng-1.6.36/contrib/testpngs/gray-16-linear-tRNS.png">
      <Filter>Resource Files</Filter>
    </None>
    <None Include="external/libpng-1.6.36/contrib/testpngs/gray-16-linear.png">
      <Filter>Resource Files</Filter>
    </None>
    <None Include="external/libpng-1.6.36/contrib/testpngs/gray-16-sRGB-tRNS.png">
      <Filter>Resource Files</Filter>
    </None>
    <None Include="external/libpng-1.6.36/contrib/testpngs/gray-16-sRGB.png">
      <Filter>Resource Files</Filter>
    </None>
    <None Include="external/libpng-1.6.36/contrib/testpngs/gray-16-tRNS.png">
      <Filter>Resource Files</Filter>
    </None>
    <None Include="external/libpng-1.6.36/contrib/testpngs/gray-16.png">
      <Filter>Resource Files</Filter>
    </None>
    <None Include="external/libpng-1.6.36/contrib/testpngs/gray-2-1.8-tRNS.png">
      <Filter>Resource Files</Filter>
    </None>
    <None Include="external/libpng-1.6.36/contrib/testpngs/gray-2-1.8.png">
      <Filter>Resource Files</Filter>
    </None>
    <None Include="external/libpng-1.6.36/contrib/testpngs/gray-2-linear-tRNS.png">
      <Filter>Resource Files</Filter>
    </None>
    <None Include="external/libpng-1.6.36/contrib/testpngs/gray-2-linear.png">
      <Filter>Resource Files</Filter>
    </None>
    <None Include="external/libpng-1.6.36/contrib/testpngs/gray-2-sRGB-tRNS.png">
      <Filter>Resource Files</Filter>
    </None>
    <None Include="external/libpng-1.6.36/contrib/testpngs/gray-2-sRGB.png">
      <Filter>Resource Files</Filter>
    </None>
    <None Include="external/libpng-1.6.36/contrib/testpngs/gray-2-tRNS.png">
      <Filter>Resource Files</Filter>
    </None>
    <None Include="external/libpng-1.6.36/contrib/testpngs/gray-2.png">
      <Filter>Resource Files</Filter>
    </None>
    <None Include="external/libpng-1.6.36/contrib/testpngs/gray-4-1.8-tRNS.png">
      <Filter>Resource Files</Filter>
    </None>
    <None Include="external/libpng-1.6.36/contrib/testpngs/gray-4-1.8.png">
      <Filter>Resource Files</Filter>
    </None>
    <None Include="external/libpng-1.6.36/contrib/testpngs/gray-4-linear-tRNS.png">
      <Filter>Resource Files</Filter>
    </None>
    <None Include="external/libpng-1.6.36/contrib/testpngs/gray-4-linear.png">
      <Filter>Resource Files</Filter>
    </None>
    <None Include="external/libpng-1.6.36/contrib/testpngs/gray-4-sRGB-tRNS.png">
      <Filter>Resource Files</Filter>
    </None>
    <None Include="external/libpng-1.6.36/contrib/testpngs/gray-4-sRGB.png">
      <Filter>Resource Files</Filter>
    </None>
    <None Include="external/libpng-1.6.36/contrib/testpngs/gray-4-tRNS.png">
      <Filter>Resource Files</Filter>
    </None>
    <None Include="external/libpng-1.6.36/contrib/testpngs/gray-4.png">
      <Filter>Resource Files</Filter>
    </None>
    <None Include="external/libpng-1.6.36/contrib/testpngs/gray-8-1.8-tRNS.png">
      <Filter>Resource Files</Filter>
    </None>
    <None Include="external/libpng-1.6.36/contrib/testpngs/gray-8-1.8.png">
      <Filter>Resource Files</Filter>
    </None>
    <None Include="external/libpng-1.6.36/contrib/testpngs/gray-8-linear-tRNS.png">
      <Filter>Resource Files</Filter>
    </None>
    <None Include="external/libpng-1.6.36/contrib/testpngs/gray-8-linear.png">
      <Filter>Resource Files</Filter>
    </None>
    <None Include="external/libpng-1.6.36/contrib/testpngs/gray-8-sRGB-tRNS.png">
      <Filter>Resource Files</Filter>
    </None>
    <None Include="external/libpng-1.6.36/contrib/testpngs/gray-8-sRGB.png">
      <Filter>Resource Files</Filter>
    </None>
    <None Include="external/libpng-1.6.36/contrib/testpngs/gray-8-tRNS.png">
      <Filter>Resource Files</Filter>
    </None>
    <None Include="external/libpng-1.6.36/contrib/testpngs/gray-8.png">
      <Filter>Resource Files</Filter>
    </None>
    <None Include="external/libpng-1.6.36/contrib/testpngs/gray-alpha-16-1.8.png">
      <Filter>Resource Files</Filter>
    </None>
    <None Include="external/libpng-1.6.36/contrib/testpngs/gray-alpha-16-linear.png">
      <Filter>Resource Files</Filter>
    </None>
    <None Include="external/libpng-1.6.36/contrib/testpngs/gray-alpha-16-sRGB.png">
      <Filter>Resource Files</Filter>
    </None>
    <None Include="external/libpng-1.6.36/contrib/testpngs/gray-alpha-16.png">
      <Filter>Resource Files</Filter>
    </None>
    <None Include="external/libpng-1.6.36/contrib/testpngs/gray-alpha-8-1.8.png">
      <Filter>Resource Files</Filter>
    </None>
    <None Include="external/libpng-1.6.36/contrib/testpngs/gray-alpha-8-linear.png">
      <Filter>Resource Files</Filter>
    </None>
    <None Include="external/libpng-1.6.36/contrib/testpngs/gray-alpha-8-sRGB.png">
      <Filter>Resource Files</Filter>
    </None>
    <None Include="external/libpng-1.6.36/contrib/testpngs/gray-alpha-8.png">
      <Filter>Resource Files</Filter>
    </None>
    <None Include="external/libpng-1.6.36/contrib/testpngs/palette-1-1.8-tRNS.png">
      <Filter>Resource Files</Filter>
    </None>
    <None Include="external/libpng-1.6.36/contrib/testpngs/palette-1-1.8.png">
      <Filter>Resource Files</Filter>
    </None>
    <None Include="external/libpng-1.6.36/contrib/testpngs/palette-1-linear-tRNS.png">
      <Filter>Resource Files</Filter>
    </None>
    <None Include="external/libpng-1.6.36/contrib/testpngs/palette-1-linear.png">
      <Filter>Resource Files</Filter>
    </None>
    <None Include="external/libpng-1.6.36/contrib/testpngs/palette-1-sRGB-tRNS.png">
      <Filter>Resource Files</Filter>
    </None>
    <None Include="external/libpng-1.6.36/contrib/testpngs/palette-1-sRGB.png">
      <Filter>Resource Files</Filter>
    </None>
    <None Include="external/libpng-1.6.36/contrib/testpngs/palette-1-tRNS.png">
      <Filter>Resource Files</Filter>
    </None>
    <None Include="external/libpng-1.6.36/contrib/testpngs/palette-1.png">
      <Filter>Resource Files</Filter>
    </None>
    <None Include="external/libpng-1.6.36/contrib/testpngs/palette-2-1.8-tRNS.png">
      <Filter>Resource Files</Filter>
    </None>
    <None Include="external/libpng-1.6.36/contrib/testpngs/palette-2-1.8.png">
      <Filter>Resource Files</Filter>
    </None>
    <None Include="external/libpng-1.6.36/contrib/testpngs/palette-2-linear-tRNS.png">
      <Filter>Resource Files</Filter>
    </None>
    <None Include="external/libpng-1.6.36/contrib/testpngs/palette-2-linear.png">
      <Filter>Resource Files</Filter>
    </None>
    <None Include="external/libpng-1.6.36/contrib/testpngs/palette-2-sRGB-tRNS.png">
      <Filter>Resource Files</Filter>
    </None>
    <None Include="external/libpng-1.6.36/contrib/testpngs/palette-2-sRGB.png">
      <Filter>Resource Files</Filter>
    </None>
    <None Include="external/libpng-1.6.36/contrib/testpngs/palette-2-tRNS.png">
      <Filter>Resource Files</Filter>
    </None>
    <None Include="external/libpng-1.6.36/contrib/testpngs/palette-2.png">
      <Filter>Resource Files</Filter>
    </None>
    <None Include="external/libpng-1.6.36/contrib/testpngs/palette-4-1.8-tRNS.png">
      <Filter>Resource Files</Filter>
    </None>
    <None Include="external/libpng-1.6.36/contrib/testpngs/palette-4-1.8.png">
      <Filter>Resource Files</Filter>
    </None>
    <None Include="external/libpng-1.6.36/contrib/testpngs/palette-4-linear-tRNS.png">
      <Filter>Resource Files</Filter>
    </None>
    <None Include="external/libpng-1.6.36/contrib/testpngs/palette-4-linear.png">
      <Filter>Resource Files</Filter>
    </None>
    <None Include="external/libpng-1.6.36/contrib/testpngs/palette-4-sRGB-tRNS.png">
      <Filter>Resource Files</Filter>
    </None>
    <None Include="external/libpng-1.6.36/contrib/testpngs/palette-4-sRGB.png">
      <Filter>Resource Files</Filter>
    </None>
    <None Include="external/libpng-1.6.36/contrib/testpngs/palette-4-tRNS.png">
      <Filter>Resource Files</Filter>
    </None>
    <None Include="external/libpng-1.6.36/contrib/testpngs/palette-4.png">
      <Filter>Resource Files</Filter>
    </None>
    <None Include="external/libpng-1.6.36/contrib/testpngs/palette-8-1.8-tRNS.png">
      <Filter>Resource Files</Filter>
    </None>
    <None Include="external/libpng-1.6.36/contrib/testpngs/palette-8-1.8.png">
      <Filter>Resource Files</Filter>
    </None>
    <None Include="external/libpng-1.6.36/contrib/testpngs/palette-8-linear-tRNS.png">
      <Filter>Resource Files</Filter>
    </None>
    <None Include="external/libpng-1.6.36/contrib/testpngs/palette-8-linear.png">
      <Filter>Resource Files</Filter>
    </None>
    <None Include="external/libpng-1.6.36/contrib/testpngs/palette-8-sRGB-tRNS.png">
      <Filter>Resource Files</Filter>
    </None>
    <None Include="external/libpng-1.6.36/contrib/testpngs/palette-8-sRGB.png">
      <Filter>Resource Files</Filter>
    </None>
    <None Include="external/libpng-1.6.36/contrib/testpngs/palette-8-tRNS.png">
      <Filter>Resource Files</Filter>
    </None>
    <None Include="external/libpng-1.6.36/contrib/testpngs/palette-8.png">
      <Filter>Resource Files</Filter>
    </None>
    <None Include="external/libpng-1.6.36/contrib/testpngs/rgb-16-1.8-tRNS.png">
      <Filter>Resource Files</Filter>
    </None>
    <None Include="external/libpng-1.6.36/contrib/testpngs/rgb-16-1.8.png">
      <Filter>Resource Files</Filter>
    </None>
    <None Include="external/libpng-1.6.36/contrib/testpngs/rgb-16-linear-tRNS.png">
      <Filter>Resource Files</Filter>
    </None>
    <None Include="external/libpng-1.6.36/contrib/testpngs/rgb-16-linear.png">
      <Filter>Resource Files</Filter>
    </None>
    <None Include="external/libpng-1.6.36/contrib/testpngs/rgb-16-sRGB-tRNS.png">
      <Filter>Resource Files</Filter>
    </None>
    <None Include="external/libpng-1.6.36/contrib/testpngs/rgb-16-sRGB.png">
      <Filter>Resource Files</Filter>
    </None>
    <None Include="external/libpng-1.6.36/contrib/testpngs/rgb-16-tRNS.png">
      <Filter>Resource Files</Filter>
    </None>
    <None Include="external/libpng-1.6.36/contrib/testpngs/rgb-16.png">
      <Filter>Resource Files</Filter>
    </None>
    <None Include="external/libpng-1.6.36/contrib/testpngs/rgb-8-1.8-tRNS.png">
      <Filter>Resource Files</Filter>
    </None>
    <None Include="external/libpng-1.6.36/contrib/testpngs/rgb-8-1.8.png">
      <Filter>Resource Files</Filter>
    </None>
    <None Include="external/libpng-1.6.36/contrib/testpngs/rgb-8-linear-tRNS.png">
      <Filter>Resource Files</Filter>
    </None>
    <None Include="external/libpng-1.6.36/contrib/testpngs/rgb-8-linear.png">
      <Filter>Resource Files</Filter>
    </None>
    <None Include="external/libpng-1.6.36/contrib/testpngs/rgb-8-sRGB-tRNS.png">
      <Filter>Resource Files</Filter>
    </None>
    <None Include="external/libpng-1.6.36/contrib/testpngs/rgb-8-sRGB.png">
      <Filter>Resource Files</Filter>
    </None>
    <None Include="external/libpng-1.6.36/contrib/testpngs/rgb-8-tRNS.png">
      <Filter>Resource Files</Filter>
    </None>
    <None Include="external/libpng-1.6.36/contrib/testpngs/rgb-8.png">
      <Filter>Resource Files</Filter>
    </None>
    <None Include="external/libpng-1.6.36/contrib/testpngs/rgb-alpha-16-1.8.png">
      <Filter>Resource Files</Filter>
    </None>
    <None Include="external/libpng-1.6.36/contrib/testpngs/rgb-alpha-16-linear.png">
      <Filter>Resource Files</Filter>
    </None>
    <None Include="external/libpng-1.6.36/contrib/testpngs/rgb-alpha-16-sRGB.png">
      <Filter>Resource Files</Filter>
    </None>
    <None Include="external/libpng-1.6.36/contrib/testpngs/rgb-alpha-16.png">
      <Filter>Resource Files</Filter>
    </None>
    <None Include="external/libpng-1.6.36/contrib/testpngs/rgb-alpha-8-1.8.png">
      <Filter>Resource Files</Filter>
    </None>
    <None Include="external/libpng-1.6.36/contrib/testpngs/rgb-alpha-8-linear.png">
      <Filter>Resource Files</Filter>
    </None>
    <None Include="external/libpng-1.6.36/contrib/testpngs/rgb-alpha-8-sRGB.png">
      <Filter>Resource Files</Filter>
    </None>
    <None Include="external/libpng-1.6.36/contrib/testpngs/rgb-alpha-8.png">
      <Filter>Resource Files</Filter>
    </None>
    <None Include="external/libpng-1.6.36/contrib/visupng/VisualPng.png">
      <Filter>Resource Files</Filter>
    </None>
    <None Include="external/libpng-1.6.36/pngbar.jpg">
      <Filter>Resource Files</Filter>
    </None>
    <None Include="external/libpng-1.6.36/pngbar.png">
      <Filter>Resource Files</Filter>
    </None>
    <None Include="external/libpng-1.6.36/pngnow.png">
      <Filter>Resource Files</Filter>
    </None>
    <None Include="external/libpng-1.6.36/pngtest.png">
      <Filter>Resource Files</Filter>
    </None>
    <None Include="external/stb-master/data/herringbone/template_caves_limit_connectivity.png">
      <Filter>Resource Files</Filter>
    </None>
    <None Include="external/stb-master/data/herringbone/template_caves_tiny_corridors.png">
      <Filter>Resource Files</Filter>
    </None>
    <None Include="external/stb-master/data/herringbone/template_corner_caves.png">
      <Filter>Resource Files</Filter>
    </None>
    <None Include="external/stb-master/data/herringbone/template_horizontal_corridors_v1.png">
      <Filter>Resource Files</Filter>
    </None>
    <None Include="external/stb-master/data/herringbone/template_horizontal_corridors_v2.png">
      <Filter>Resource Files</Filter>
    </None>
    <None Include="external/stb-master/data/herringbone/template_horizontal_corridors_v3.png">
      <Filter>Resource Files</Filter>
    </None>
    <None Include="external/stb-master/data/herringbone/template_limited_connectivity.png">
      <Filter>Resource Files</Filter>
    </None>
    <None Include="external/stb-master/data/herringbone/template_limit_connectivity_fat.png">
      <Filter>Resource Files</Filter>
    </None>
    <None Include="external/stb-master/data/herringbone/template_maze_2_wide.png">
      <Filter>Resource Files</Filter>
    </None>
    <None Include="external/stb-master/data/herringbone/template_maze_plus_2_wide.png">
      <Filter>Resource Files</Filter>
    </None>
    <None Include="external/stb-master/data/herringbone/template_open_areas.png">
      <Filter>Resource Files</Filter>
    </None>
    <None Include="external/stb-master/data/herringbone/template_ref2_corner_caves.png">
      <Filter>Resource Files</Filter>
    </None>
    <None Include="external/stb-master/data/herringbone/template_rooms_and_corridors.png">
      <Filter>Resource Files</Filter>
    </None>
    <None Include="external/stb-master/data/herringbone/template_rooms_and_corridors_2_wide_diagonal_bias.png">
      <Filter>Resource Files</Filter>
    </None>
    <None Include="external/stb-master/data/herringbone/template_rooms_limit_connectivity.png">
      <Filter>Resource Files</Filter>
    </None>
    <None Include="external/stb-master/data/herringbone/template_round_rooms_diagonal_corridors.png">
      <Filter>Resource Files</Filter>
    </None>
    <None Include="external/stb-master/data/herringbone/template_sean_dungeon.png">
      <Filter>Resource Files</Filter>
    </None>
    <None Include="external/stb-master/data/herringbone/template_simple_caves_2_wide.png">
      <Filter>Resource Files</Filter>
    </None>
    <None Include="external/stb-master/data/herringbone/template_square_rooms_with_random_rects.png">
      <Filter>Resource Files</Filter>
    </None>
    <None Include="external/stb-master/data/atari_8bit_font_revised.png">
      <Filter>Resource Files</Filter>
    </None>
    <None Include="external/stb-master/data/easy_font_raw.png">
      <Filter>Resource Files</Filter>
    </None>
    <None Include="external/stb-master/data/map_01.png">
      <Filter>Resource Files</Filter>
    </None>
    <None Include="external/stb-master/data/map_02.png">
      <Filter>Resource Files</Filter>
    </None>
    <None Include="external/stb-master/data/map_03.png">
      <Filter>Resource Files</Filter>
    </None>
    <None Include="external/stb-master/tests/pngsuite/16bit/basi0g16.png">
      <Filter>Resource Files</Filter>
    </None>
    <None Include="external/stb-master/tests/pngsuite/16bit/basi2c16.png">
      <Filter>Resource Files</Filter>
    </None>
    <None Include="external/stb-master/tests/pngsuite/16bit/basi4a16.png">
      <Filter>Resource Files</Filter>
    </None>
    <None Include="external/stb-master/tests/pngsuite/16bit/basi6a16.png">
      <Filter>Resource Files</Filter>
    </None>
    <None Include="external/stb-master/tests/pngsuite/16bit/basn0g16.png">
      <Filter>Resource Files</Filter>
    </None>
    <None Include="external/stb-master/tests/pngsuite/16bit/basn2c16.png">
      <Filter>Resource Files</Filter>
    </None>
    <None Include="external/stb-master/tests/pngsuite/16bit/basn4a16.png">
      <Filter>Resource Files</Filter>
    </None>
    <None Include="external/stb-master/tests/pngsuite/16bit/basn6a16.png">
      <Filter>Resource Files</Filter>
    </None>
    <None Include="external/stb-master/tests/pngsuite/16bit/bgai4a16.png">
      <Filter>Resource Files</Filter>
    </None>
    <None Include="external/stb-master/tests/pngsuite/16bit/bgan6a16.png">
      <Filter>Resource Files</Filter>
    </None>
    <None Include="external/stb-master/tests/pngsuite/16bit/bggn4a16.png">
      <Filter>Resource Files</Filter>
    </None>
    <None Include="external/stb-master/tests/pngsuite/16bit/bgyn6a16.png">
      <Filter>Resource Files</Filter>
    </None>
    <None Include="external/stb-master/tests/pngsuite/16bit/oi1n0g16.png">
      <Filter>Resource Files</Filter>
    </None>
    <None Include="external/stb-master/tests/pngsuite/16bit/oi1n2c16.png">
      <Filter>Resource Files</Filter>
    </None>
    <None Include="external/stb-master/tests/pngsuite/16bit/oi2n0g16.png">
      <Filter>Resource Files</Filter>
    </None>
    <None Include="external/stb-master/tests/pngsuite/16bit/oi2n2c16.png">
      <Filter>Resource Files</Filter>
    </None>
    <None Include="external/stb-master/tests/pngsuite/16bit/oi4n0g16.png">
      <Filter>Resource Files</Filter>
    </None>
    <None Include="external/stb-master/tests/pngsuite/16bit/oi4n2c16.png">
      <Filter>Resource Files</Filter>
    </None>
    <None Include="external/stb-master/tests/pngsuite/16bit/oi9n0g16.png">
      <Filter>Resource Files</Filter>
    </None>
    <None Include="external/stb-master/tests/pngsuite/16bit/oi9n2c16.png">
      <Filter>Resource Files</Filter>
    </None>
    <None Include="external/stb-master/tests/pngsuite/16bit/tbbn2c16.png">
      <Filter>Resource Files</Filter>
    </None>
    <None Include="external/stb-master/tests/pngsuite/16bit/tbgn2c16.png">
      <Filter>Resource Files</Filter>
    </None>
    <None Include="external/stb-master/tests/pngsuite/16bit/tbwn0g16.png">
      <Filter>Resource Files</Filter>
    </None>
    <None Include="external/stb-master/tests/pngsuite/corrupt/xc1n0g08.png">
      <Filter>Resource Files</Filter>
    </None>
    <None Include="external/stb-master/tests/pngsuite/corrupt/xc9n2c08.png">
      <Filter>Resource Files</Filter>
    </None>
    <None Include="external/stb-master/tests/pngsuite/corrupt/xcrn0g04.png">
      <Filter>Resource Files</Filter>
    </None>
    <None Include="external/stb-master/tests/pngsuite/corrupt/xcsn0g01.png">
      <Filter>Resource Files</Filter>
    </None>
    <None Include="external/stb-master/tests/pngsuite/corrupt/xd0n2c08.png">
      <Filter>Resource Files</Filter>
    </None>
    <None Include="external/stb-master/tests/pngsuite/corrupt/xd3n2c08.png">
      <Filter>Resource Files</Filter>
    </None>
    <None Include="external/stb-master/tests/pngsuite/corrupt/xd9n2c08.png">
      <Filter>Resource Files</Filter>
    </None>
    <None Include="external/stb-master/tests/pngsuite/corrupt/xdtn0g01.png">
      <Filter>Resource Files</Filter>
    </None>
    <None Include="external/stb-master/tests/pngsuite/corrupt/xhdn0g08.png">
      <Filter>Resource Files</Filter>
    </None>
    <None Include="external/stb-master/tests/pngsuite/corrupt/xlfn0g04.png">
      <Filter>Resource Files</Filter>
    </None>
    <None Include="external/stb-master/tests/pngsuite/corrupt/xs1n0g01.png">
      <Filter>Resource Files</Filter>
    </None>
    <None Include="external/stb-master/tests/pngsuite/corrupt/xs2n0g01.png">
      <Filter>Resource Files</Filter>
    </None>
    <None Include="external/stb-master/tests/pngsuite/corrupt/xs4n0g01.png">
      <Filter>Resource Files</Filter>
    </None>
    <None Include="external/stb-master/tests/pngsuite/corrupt/xs7n0g01.png">
      <Filter>Resource Files</Filter>
    </None>
    <None Include="external/stb-master/tests/pngsuite/iphone/iphone_basi0g01.png">
      <Filter>Resource Files</Filter>
    </None>
    <None Include="external/stb-master/tests/pngsuite/iphone/iphone_basi0g02.png">
      <Filter>Resource Files</Filter>
    </None>
    <None Include="external/stb-master/tests/pngsuite/iphone/iphone_basi3p02.png">
      <Filter>Resource Files</Filter>
    </None>
    <None Include="external/stb-master/tests/pngsuite/iphone/iphone_bgwn6a08.png">
      <Filter>Resource Files</Filter>
    </None>
    <None Include="external/stb-master/tests/pngsuite/iphone/iphone_bgyn6a16.png">
      <Filter>Resource Files</Filter>
    </None>
    <None Include="external/stb-master/tests/pngsuite/iphone/iphone_tbyn3p08.png">
      <Filter>Resource Files</Filter>
    </None>
    <None Include="external/stb-master/tests/pngsuite/iphone/iphone_z06n2c08.png">
      <Filter>Resource Files</Filter>
    </None>
    <None Include="external/stb-master/tests/pngsuite/primary/basi0g01.png">
      <Filter>Resource Files</Filter>
    </None>
    <None Include="external/stb-master/tests/pngsuite/primary/basi0g02.png">
      <Filter>Resource Files</Filter>
    </None>
    <None Include="external/stb-master/tests/pngsuite/primary/basi0g04.png">
      <Filter>Resource Files</Filter>
    </None>
    <None Include="external/stb-master/tests/pngsuite/primary/basi0g08.png">
      <Filter>Resource Files</Filter>
    </None>
    <None Include="external/stb-master/tests/pngsuite/primary/basi2c08.png">
      <Filter>Resource Files</Filter>
    </None>
    <None Include="external/stb-master/tests/pngsuite/primary/basi3p01.png">
      <Filter>Resource Files</Filter>
    </None>
    <None Include="external/stb-master/tests/pngsuite/primary/basi3p02.png">
      <Filter>Resource Files</Filter>
    </None>
    <None Include="external/stb-master/tests/pngsuite/primary/basi3p04.png">
      <Filter>Resource Files</Filter>
    </None>
    <None Include="external/stb-master/tests/pngsuite/primary/basi3p08.png">
      <Filter>Resource Files</Filter>
    </None>
    <None Include="external/stb-master/tests/pngsuite/primary/basi4a08.png">
      <Filter>Resource Files</Filter>
    </None>
    <None Include="external/stb-master/tests/pngsuite/primary/basi6a08.png">
      <Filter>Resource Files</Filter>
    </None>
    <None Include="external/stb-master/tests/pngsuite/primary/basn0g01.png">
      <Filter>Resource Files</Filter>
    </None>
    <None Include="external/stb-master/tests/pngsuite/primary/basn0g02.png">
      <Filter>Resource Files</Filter>
    </None>
    <None Include="external/stb-master/tests/pngsuite/primary/basn0g04.png">
      <Filter>Resource Files</Filter>
    </None>
    <None Include="external/stb-master/tests/pngsuite/primary/basn0g08.png">
      <Filter>Resource Files</Filter>
    </None>
    <None Include="external/stb-master/tests/pngsuite/primary/basn2c08.png">
      <Filter>Resource Files</Filter>
    </None>
    <None Include="external/stb-master/tests/pngsuite/primary/basn3p01.png">
      <Filter>Resource Files</Filter>
    </None>
    <None Include="external/stb-master/tests/pngsuite/primary/basn3p02.png">
      <Filter>Resource Files</Filter>
    </None>
    <None Include="external/stb-master/tests/pngsuite/primary/basn3p04.png">
      <Filter>Resource Files</Filter>
    </None>
    <None Include="external/stb-master/tests/pngsuite/primary/basn3p08.png">
      <Filter>Resource Files</Filter>
    </None>
    <None Include="external/stb-master/tests/pngsuite/primary/basn4a08.png">
      <Filter>Resource Files</Filter>
    </None>
    <None Include="external/stb-master/tests/pngsuite/primary/basn6a08.png">
      <Filter>Resource Files</Filter>
    </None>
    <None Include="external/stb-master/tests/pngsuite/primary/bgai4a08.png">
      <Filter>Resource Files</Filter>
    </None>
    <None Include="external/stb-master/tests/pngsuite/primary/bgan6a08.png">
      <Filter>Resource Files</Filter>
    </None>
    <None Include="external/stb-master/tests/pngsuite/primary/bgbn4a08.png">
      <Filter>Resource Files</Filter>
    </None>
    <None Include="external/stb-master/tests/pngsuite/primary/bgwn6a08.png">
      <Filter>Resource Files</Filter>
    </None>
    <None Include="external/stb-master/tests/pngsuite/primary/s01i3p01.png">
      <Filter>Resource Files</Filter>
    </None>
    <None Include="external/stb-master/tests/pngsuite/primary/s01n3p01.png">
      <Filter>Resource Files</Filter>
    </None>
    <None Include="external/stb-master/tests/pngsuite/primary/s02i3p01.png">
      <Filter>Resource Files</Filter>
    </None>
    <None Include="external/stb-master/tests/pngsuite/primary/s02n3p01.png">
      <Filter>Resource Files</Filter>
    </None>
    <None Include="external/stb-master/tests/pngsuite/primary/s03i3p01.png">
      <Filter>Resource Files</Filter>
    </None>
    <None Include="external/stb-master/tests/pngsuite/primary/s03n3p01.png">
      <Filter>Resource Files</Filter>
    </None>
    <None Include="external/stb-master/tests/pngsuite/primary/s04i3p01.png">
      <Filter>Resource Files</Filter>
    </None>
    <None Include="external/stb-master/tests/pngsuite/primary/s04n3p01.png">
      <Filter>Resource Files</Filter>
    </None>
    <None Include="external/stb-master/tests/pngsuite/primary/s05i3p02.png">
      <Filter>Resource Files</Filter>
    </None>
    <None Include="external/stb-master/tests/pngsuite/primary/s05n3p02.png">
      <Filter>Resource Files</Filter>
    </None>
    <None Include="external/stb-master/tests/pngsuite/primary/s06i3p02.png">
      <Filter>Resource Files</Filter>
    </None>
    <None Include="external/stb-master/tests/pngsuite/primary/s06n3p02.png">
      <Filter>Resource Files</Filter>
    </None>
    <None Include="external/stb-master/tests/pngsuite/primary/s07i3p02.png">
      <Filter>Resource Files</Filter>
    </None>
    <None Include="external/stb-master/tests/pngsuite/primary/s07n3p02.png">
      <Filter>Resource Files</Filter>
    </None>
    <None Include="external/stb-master/tests/pngsuite/primary/s08i3p02.png">
      <Filter>Resource Files</Filter>
    </None>
    <None Include="external/stb-master/tests/pngsuite/primary/s08n3p02.png">
      <Filter>Resource Files</Filter>
    </None>
    <None Include="external/stb-master/tests/pngsuite/primary/s09i3p02.png">
      <Filter>Resource Files</Filter>
    </None>
    <None Include="external/stb-master/tests/pngsuite/primary/s09n3p02.png">
      <Filter>Resource Files</Filter>
    </None>
    <None Include="external/stb-master/tests/pngsuite/primary/s32i3p04.png">
      <Filter>Resource Files</Filter>
    </None>
    <None Include="external/stb-master/tests/pngsuite/primary/s32n3p04.png">
      <Filter>Resource Files</Filter>
    </None>
    <None Include="external/stb-master/tests/pngsuite/primary/s33i3p04.png">
      <Filter>Resource Files</Filter>
    </None>
    <None Include="external/stb-master/tests/pngsuite/primary/s33n3p04.png">
      <Filter>Resource Files</Filter>
    </None>
    <None Include="external/stb-master/tests/pngsuite/primary/s34i3p04.png">
      <Filter>Resource Files</Filter>
    </None>
    <None Include="external/stb-master/tests/pngsuite/primary/s34n3p04.png">
      <Filter>Resource Files</Filter>
    </None>
    <None Include="external/stb-master/tests/pngsuite/primary/s35i3p04.png">
      <Filter>Resource Files</Filter>
    </None>
    <None Include="external/stb-master/tests/pngsuite/primary/s35n3p04.png">
      <Filter>Resource Files</Filter>
    </None>
    <None Include="external/stb-master/tests/pngsuite/primary/s36i3p04.png">
      <Filter>Resource Files</Filter>
    </None>
    <None Include="external/stb-master/tests/pngsuite/primary/s36n3p04.png">
      <Filter>Resource Files</Filter>
    </None>
    <None Include="external/stb-master/tests/pngsuite/primary/s37i3p04.png">
      <Filter>Resource Files</Filter>
    </None>
    <None Include="external/stb-master/tests/pngsuite/primary/s37n3p04.png">
      <Filter>Resource Files</Filter>
    </None>
    <None Include="external/stb-master/tests/pngsuite/primary/s38i3p04.png">
      <Filter>Resource Files</Filter>
    </None>
    <None Include="external/stb-master/tests/pngsuite/primary/s38n3p04.png">
      <Filter>Resource Files</Filter>
    </None>
    <None Include="external/stb-master/tests/pngsuite/primary/s39i3p04.png">
      <Filter>Resource Files</Filter>
    </None>
    <None Include="external/stb-master/tests/pngsuite/primary/s39n3p04.png">
      <Filter>Resource Files</Filter>
    </None>
    <None Include="external/stb-master/tests/pngsuite/primary/s40i3p04.png">
      <Filter>Resource Files</Filter>
    </None>
    <None Include="external/stb-master/tests/pngsuite/primary/s40n3p04.png">
      <Filter>Resource Files</Filter>
    </None>
    <None Include="external/stb-master/tests/pngsuite/primary/tbbn0g04.png">
      <Filter>Resource Files</Filter>
    </None>
    <None Include="external/stb-master/tests/pngsuite/primary/tbbn3p08.png">
      <Filter>Resource Files</Filter>
    </None>
    <None Include="external/stb-master/tests/pngsuite/primary/tbgn3p08.png">
      <Filter>Resource Files</Filter>
    </None>
    <None Include="external/stb-master/tests/pngsuite/primary/tbrn2c08.png">
      <Filter>Resource Files</Filter>
    </None>
    <None Include="external/stb-master/tests/pngsuite/primary/tbwn3p08.png">
      <Filter>Resource Files</Filter>
    </None>
    <None Include="external/stb-master/tests/pngsuite/primary/tbyn3p08.png">
      <Filter>Resource Files</Filter>
    </None>
    <None Include="external/stb-master/tests/pngsuite/primary/tm3n3p02.png">
      <Filter>Resource Files</Filter>
    </None>
    <None Include="external/stb-master/tests/pngsuite/primary/tp0n0g08.png">
      <Filter>Resource Files</Filter>
    </None>
    <None Include="external/stb-master/tests/pngsuite/primary/tp0n2c08.png">
      <Filter>Resource Files</Filter>
    </None>
    <None Include="external/stb-master/tests/pngsuite/primary/tp0n3p08.png">
      <Filter>Resource Files</Filter>
    </None>
    <None Include="external/stb-master/tests/pngsuite/primary/tp1n3p08.png">
      <Filter>Resource Files</Filter>
    </None>
    <None Include="external/stb-master/tests/pngsuite/primary/z00n2c08.png">
      <Filter>Resource Files</Filter>
    </None>
    <None Include="external/stb-master/tests/pngsuite/primary/z03n2c08.png">
      <Filter>Resource Files</Filter>
    </None>
    <None Include="external/stb-master/tests/pngsuite/primary/z06n2c08.png">
      <Filter>Resource Files</Filter>
    </None>
    <None Include="external/stb-master/tests/pngsuite/primary/z09n2c08.png">
      <Filter>Resource Files</Filter>
    </None>
    <None Include="external/stb-master/tests/pngsuite/primary_check/basi0g01.png">
      <Filter>Resource Files</Filter>
    </None>
    <None Include="external/stb-master/tests/pngsuite/primary_check/basi0g02.png">
      <Filter>Resource Files</Filter>
    </None>
    <None Include="external/stb-master/tests/pngsuite/primary_check/basi0g04.png">
      <Filter>Resource Files</Filter>
    </None>
    <None Include="external/stb-master/tests/pngsuite/primary_check/basi0g08.png">
      <Filter>Resource Files</Filter>
    </None>
    <None Include="external/stb-master/tests/pngsuite/primary_check/basi2c08.png">
      <Filter>Resource Files</Filter>
    </None>
    <None Include="external/stb-master/tests/pngsuite/primary_check/basi3p01.png">
      <Filter>Resource Files</Filter>
    </None>
    <None Include="external/stb-master/tests/pngsuite/primary_check/basi3p02.png">
      <Filter>Resource Files</Filter>
    </None>
    <None Include="external/stb-master/tests/pngsuite/primary_check/basi3p04.png">
      <Filter>Resource Files</Filter>
    </None>
    <None Include="external/stb-master/tests/pngsuite/primary_check/basi3p08.png">
      <Filter>Resource Files</Filter>
    </None>
    <None Include="external/stb-master/tests/pngsuite/primary_check/basi4a08.png">
      <Filter>Resource Files</Filter>
    </None>
    <None Include="external/stb-master/tests/pngsuite/primary_check/basi6a08.png">
      <Filter>Resource Files</Filter>
    </None>
    <None Include="external/stb-master/tests/pngsuite/primary_check/basn0g01.png">
      <Filter>Resource Files</Filter>
    </None>
    <None Include="external/stb-master/tests/pngsuite/primary_check/basn0g02.png">
      <Filter>Resource Files</Filter>
    </None>
    <None Include="external/stb-master/tests/pngsuite/primary_check/basn0g04.png">
      <Filter>Resource Files</Filter>
    </None>
    <None Include="external/stb-master/tests/pngsuite/primary_check/basn0g08.png">
      <Filter>Resource Files</Filter>
    </None>
    <None Include="external/stb-master/tests/pngsuite/primary_check/basn2c08.png">
      <Filter>Resource Files</Filter>
    </None>
    <None Include="external/stb-master/tests/pngsuite/primary_check/basn3p01.png">
      <Filter>Resource Files</Filter>
    </None>
    <None Include="external/stb-master/tests/pngsuite/primary_check/basn3p02.png">
      <Filter>Resource Files</Filter>
    </None>
    <None Include="external/stb-master/tests/pngsuite/primary_check/basn3p04.png">
      <Filter>Resource Files</Filter>
    </None>
    <None Include="external/stb-master/tests/pngsuite/primary_check/basn3p08.png">
      <Filter>Resource Files</Filter>
    </None>
    <None Include="external/stb-master/tests/pngsuite/primary_check/basn4a08.png">
      <Filter>Resource Files</Filter>
    </None>
    <None Include="external/stb-master/tests/pngsuite/primary_check/basn6a08.png">
      <Filter>Resource Files</Filter>
    </None>
    <None Include="external/stb-master/tests/pngsuite/primary_check/bgai4a08.png">
      <Filter>Resource Files</Filter>
    </None>
    <None Include="external/stb-master/tests/pngsuite/primary_check/bgan6a08.png">
      <Filter>Resource Files</Filter>
    </None>
    <None Include="external/stb-master/tests/pngsuite/primary_check/bgbn4a08.png">
      <Filter>Resource Files</Filter>
    </None>
    <None Include="external/stb-master/tests/pngsuite/primary_check/bgwn6a08.png">
      <Filter>Resource Files</Filter>
    </None>
    <None Include="external/stb-master/tests/pngsuite/primary_check/s01i3p01.png">
      <Filter>Resource Files</Filter>
    </None>
    <None Include="external/stb-master/tests/pngsuite/primary_check/s01n3p01.png">
      <Filter>Resource Files</Filter>
    </None>
    <None Include="external/stb-master/tests/pngsuite/primary_check/s02i3p01.png">
      <Filter>Resource Files</Filter>
    </None>
    <None Include="external/stb-master/tests/pngsuite/primary_check/s02n3p01.png">
      <Filter>Resource Files</Filter>
    </None>
    <None Include="external/stb-master/tests/pngsuite/primary_check/s03i3p01.png">
      <Filter>Resource Files</Filter>
    </None>
    <None Include="external/stb-master/tests/pngsuite/primary_check/s03n3p01.png">
      <Filter>Resource Files</Filter>
    </None>
    <None Include="external/stb-master/tests/pngsuite/primary_check/s04i3p01.png">
      <Filter>Resource Files</Filter>
    </None>
    <None Include="external/stb-master/tests/pngsuite/primary_check/s04n3p01.png">
      <Filter>Resource Files</Filter>
    </None>
    <None Include="external/stb-master/tests/pngsuite/primary_check/s05i3p02.png">
      <Filter>Resource Files</Filter>
    </None>
    <None Include="external/stb-master/tests/pngsuite/primary_check/s05n3p02.png">
      <Filter>Resource Files</Filter>
    </None>
    <None Include="external/stb-master/tests/pngsuite/primary_check/s06i3p02.png">
      <Filter>Resource Files</Filter>
    </None>
    <None Include="external/stb-master/tests/pngsuite/primary_check/s06n3p02.png">
      <Filter>Resource Files</Filter>
    </None>
    <None Include="external/stb-master/tests/pngsuite/primary_check/s07i3p02.png">
      <Filter>Resource Files</Filter>
    </None>
    <None Include="external/stb-master/tests/pngsuite/primary_check/s07n3p02.png">
      <Filter>Resource Files</Filter>
    </None>
    <None Include="external/stb-master/tests/pngsuite/primary_check/s08i3p02.png">
      <Filter>Resource Files</Filter>
    </None>
    <None Include="external/stb-master/tests/pngsuite/primary_check/s08n3p02.png">
      <Filter>Resource Files</Filter>
    </None>
    <None Include="external/stb-master/tests/pngsuite/primary_check/s09i3p02.png">
      <Filter>Resource Files</Filter>
    </None>
    <None Include="external/stb-master/tests/pngsuite/primary_check/s09n3p02.png">
      <Filter>Resource Files</Filter>
    </None>
    <None Include="external/stb-master/tests/pngsuite/primary_check/s32i3p04.png">
      <Filter>Resource Files</Filter>
    </None>
    <None Include="external/stb-master/tests/pngsuite/primary_check/s32n3p04.png">
      <Filter>Resource Files</Filter>
    </None>
    <None Include="external/stb-master/tests/pngsuite/primary_check/s33i3p04.png">
      <Filter>Resource Files</Filter>
    </None>
    <None Include="external/stb-master/tests/pngsuite/primary_check/s33n3p04.png">
      <Filter>Resource Files</Filter>
    </None>
    <None Include="external/stb-master/tests/pngsuite/primary_check/s34i3p04.png">
      <Filter>Resource Files</Filter>
    </None>
    <None Include="external/stb-master/tests/pngsuite/primary_check/s34n3p04.png">
      <Filter>Resource Files</Filter>
    </None>
    <None Include="external/stb-master/tests/pngsuite/primary_check/s35i3p04.png">
      <Filter>Resource Files</Filter>
    </None>
    <None Include="external/stb-master/tests/pngsuite/primary_check/s35n3p04.png">
      <Filter>Resource Files</Filter>
    </None>
    <None Include="external/stb-master/tests/pngsuite/primary_check/s36i3p04.png">
      <Filter>Resource Files</Filter>
    </None>
    <None Include="external/stb-master/tests/pngsuite/primary_check/s36n3p04.png">
      <Filter>Resource Files</Filter>
    </None>
    <None Include="external/stb-master/tests/pngsuite/primary_check/s37i3p04.png">
      <Filter>Resource Files</Filter>
    </None>
    <None Include="external/stb-master/tests/pngsuite/primary_check/s37n3p04.png">
      <Filter>Resource Files</Filter>
    </None>
    <None Include="external/stb-master/tests/pngsuite/primary_check/s38i3p04.png">
      <Filter>Resource Files</Filter>
    </None>
    <None Include="external/stb-master/tests/pngsuite/primary_check/s38n3p04.png">
      <Filter>Resource Files</Filter>
    </None>
    <None Include="external/stb-master/tests/pngsuite/primary_check/s39i3p04.png">
      <Filter>Resource Files</Filter>
    </None>
    <None Include="external/stb-master/tests/pngsuite/primary_check/s39n3p04.png">
      <Filter>Resource Files</Filter>
    </None>
    <None Include="external/stb-master/tests/pngsuite/primary_check/s40i3p04.png">
      <Filter>Resource Files</Filter>
    </None>
    <None Include="external/stb-master/tests/pngsuite/primary_check/s40n3p04.png">
      <Filter>Resource Files</Filter>
    </None>
    <None Include="external/stb-master/tests/pngsuite/primary_check/tbbn0g04.png">
      <Filter>Resource Files</Filter>
    </None>
    <None Include="external/stb-master/tests/pngsuite/primary_check/tbbn3p08.png">
      <Filter>Resource Files</Filter>
    </None>
    <None Include="external/stb-master/tests/pngsuite/primary_check/tbgn3p08.png">
      <Filter>Resource Files</Filter>
    </None>
    <None Include="external/stb-master/tests/pngsuite/primary_check/tbrn2c08.png">
      <Filter>Resource Files</Filter>
    </None>
    <None Include="external/stb-master/tests/pngsuite/primary_check/tbwn3p08.png">
      <Filter>Resource Files</Filter>
    </None>
    <None Include="external/stb-master/tests/pngsuite/primary_check/tbyn3p08.png">
      <Filter>Resource Files</Filter>
    </None>
    <None Include="external/stb-master/tests/pngsuite/primary_check/tm3n3p02.png">
      <Filter>Resource Files</Filter>
    </None>
    <None Include="external/stb-master/tests/pngsuite/primary_check/tp0n0g08.png">
      <Filter>Resource Files</Filter>
    </None>
    <None Include="external/stb-master/tests/pngsuite/primary_check/tp0n2c08.png">
      <Filter>Resource Files</Filter>
    </None>
    <None Include="external/stb-master/tests/pngsuite/primary_check/tp0n3p08.png">
      <Filter>Resource Files</Filter>
    </None>
    <None Include="external/stb-master/tests/pngsuite/primary_check/tp1n3p08.png">
      <Filter>Resource Files</Filter>
    </None>
    <None Include="external/stb-master/tests/pngsuite/primary_check/z00n2c08.png">
      <Filter>Resource Files</Filter>
    </None>
    <None Include="external/stb-master/tests/pngsuite/primary_check/z03n2c08.png">
      <Filter>Resource Files</Filter>
    </None>
    <None Include="external/stb-master/tests/pngsuite/primary_check/z06n2c08.png">
      <Filter>Resource Files</Filter>
    </None>
    <None Include="external/stb-master/tests/pngsuite/primary_check/z09n2c08.png">
      <Filter>Resource Files</Filter>
    </None>
    <None Include="external/stb-master/tests/pngsuite/unused/ccwn2c08.png">
      <Filter>Resource Files</Filter>
    </None>
    <None Include="external/stb-master/tests/pngsuite/unused/ccwn3p08.png">
      <Filter>Resource Files</Filter>
    </None>
    <None Include="external/stb-master/tests/pngsuite/unused/cdfn2c08.png">
      <Filter>Resource Files</Filter>
    </None>
    <None Include="external/stb-master/tests/pngsuite/unused/cdhn2c08.png">
      <Filter>Resource Files</Filter>
    </None>
    <None Include="external/stb-master/tests/pngsuite/unused/cdsn2c08.png">
      <Filter>Resource Files</Filter>
    </None>
    <None Include="external/stb-master/tests/pngsuite/unused/cdun2c08.png">
      <Filter>Resource Files</Filter>
    </None>
    <None Include="external/stb-master/tests/pngsuite/unused/ch1n3p04.png">
      <Filter>Resource Files</Filter>
    </None>
    <None Include="external/stb-master/tests/pngsuite/unused/ch2n3p08.png">
      <Filter>Resource Files</Filter>
    </None>
    <None Include="external/stb-master/tests/pngsuite/unused/cm0n0g04.png">
      <Filter>Resource Files</Filter>
    </None>
    <None Include="external/stb-master/tests/pngsuite/unused/cm7n0g04.png">
      <Filter>Resource Files</Filter>
    </None>
    <None Include="external/stb-master/tests/pngsuite/unused/cm9n0g04.png">
      <Filter>Resource Files</Filter>
    </None>
    <None Include="external/stb-master/tests/pngsuite/unused/cs3n2c16.png">
      <Filter>Resource Files</Filter>
    </None>
    <None Include="external/stb-master/tests/pngsuite/unused/cs3n3p08.png">
      <Filter>Resource Files</Filter>
    </None>
    <None Include="external/stb-master/tests/pngsuite/unused/cs5n2c08.png">
      <Filter>Resource Files</Filter>
    </None>
    <None Include="external/stb-master/tests/pngsuite/unused/cs5n3p08.png">
      <Filter>Resource Files</Filter>
    </None>
    <None Include="external/stb-master/tests/pngsuite/unused/cs8n2c08.png">
      <Filter>Resource Files</Filter>
    </None>
    <None Include="external/stb-master/tests/pngsuite/unused/cs8n3p08.png">
      <Filter>Resource Files</Filter>
    </None>
    <None Include="external/stb-master/tests/pngsuite/unused/ct0n0g04.png">
      <Filter>Resource Files</Filter>
    </None>
    <None Include="external/stb-master/tests/pngsuite/unused/ct1n0g04.png">
      <Filter>Resource Files</Filter>
    </None>
    <None Include="external/stb-master/tests/pngsuite/unused/cten0g04.png">
      <Filter>Resource Files</Filter>
    </None>
    <None Include="external/stb-master/tests/pngsuite/unused/ctfn0g04.png">
      <Filter>Resource Files</Filter>
    </None>
    <None Include="external/stb-master/tests/pngsuite/unused/ctgn0g04.png">
      <Filter>Resource Files</Filter>
    </None>
    <None Include="external/stb-master/tests/pngsuite/unused/cthn0g04.png">
      <Filter>Resource Files</Filter>
    </None>
    <None Include="external/stb-master/tests/pngsuite/unused/ctjn0g04.png">
      <Filter>Resource Files</Filter>
    </None>
    <None Include="external/stb-master/tests/pngsuite/unused/ctzn0g04.png">
      <Filter>Resource Files</Filter>
    </None>
    <None Include="external/stb-master/tests/pngsuite/unused/f00n0g08.png">
      <Filter>Resource Files</Filter>
    </None>
    <None Include="external/stb-master/tests/pngsuite/unused/f00n2c08.png">
      <Filter>Resource Files</Filter>
    </None>
    <None Include="external/stb-master/tests/pngsuite/unused/f01n0g08.png">
      <Filter>Resource Files</Filter>
    </None>
    <None Include="external/stb-master/tests/pngsuite/unused/f01n2c08.png">
      <Filter>Resource Files</Filter>
    </None>
    <None Include="external/stb-master/tests/pngsuite/unused/f02n0g08.png">
      <Filter>Resource Files</Filter>
    </None>
    <None Include="external/stb-master/tests/pngsuite/unused/f02n2c08.png">
      <Filter>Resource Files</Filter>
    </None>
    <None Include="external/stb-master/tests/pngsuite/unused/f03n0g08.png">
      <Filter>Resource Files</Filter>
    </None>
    <None Include="external/stb-master/tests/pngsuite/unused/f03n2c08.png">
      <Filter>Resource Files</Filter>
    </None>
    <None Include="external/stb-master/tests/pngsuite/unused/f04n0g08.png">
      <Filter>Resource Files</Filter>
    </None>
    <None Include="external/stb-master/tests/pngsuite/unused/f04n2c08.png">
      <Filter>Resource Files</Filter>
    </None>
    <None Include="external/stb-master/tests/pngsuite/unused/f99n0g04.png">
      <Filter>Resource Files</Filter>
    </None>
    <None Include="external/stb-master/tests/pngsuite/unused/g03n0g16.png">
      <Filter>Resource Files</Filter>
    </None>
    <None Include="external/stb-master/tests/pngsuite/unused/g03n2c08.png">
      <Filter>Resource Files</Filter>
    </None>
    <None Include="external/stb-master/tests/pngsuite/unused/g03n3p04.png">
      <Filter>Resource Files</Filter>
    </None>
    <None Include="external/stb-master/tests/pngsuite/unused/g04n0g16.png">
      <Filter>Resource Files</Filter>
    </None>
    <None Include="external/stb-master/tests/pngsuite/unused/g04n2c08.png">
      <Filter>Resource Files</Filter>
    </None>
    <None Include="external/stb-master/tests/pngsuite/unused/g04n3p04.png">
      <Filter>Resource Files</Filter>
    </None>
    <None Include="external/stb-master/tests/pngsuite/unused/g05n0g16.png">
      <Filter>Resource Files</Filter>
    </None>
    <None Include="external/stb-master/tests/pngsuite/unused/g05n2c08.png">
      <Filter>Resource Files</Filter>
    </None>
    <None Include="external/stb-master/tests/pngsuite/unused/g05n3p04.png">
      <Filter>Resource Files</Filter>
    </None>
    <None Include="external/stb-master/tests/pngsuite/unused/g07n0g16.png">
      <Filter>Resource Files</Filter>
    </None>
    <None Include="external/stb-master/tests/pngsuite/unused/g07n2c08.png">
      <Filter>Resource Files</Filter>
    </None>
    <None Include="external/stb-master/tests/pngsuite/unused/g07n3p04.png">
      <Filter>Resource Files</Filter>
    </None>
    <None Include="external/stb-master/tests/pngsuite/unused/g10n0g16.png">
      <Filter>Resource Files</Filter>
    </None>
    <None Include="external/stb-master/tests/pngsuite/unused/g10n2c08.png">
      <Filter>Resource Files</Filter>
    </None>
    <None Include="external/stb-master/tests/pngsuite/unused/g10n3p04.png">
      <Filter>Resource Files</Filter>
    </None>
    <None Include="external/stb-master/tests/pngsuite/unused/g25n0g16.png">
      <Filter>Resource Files</Filter>
    </None>
    <None Include="external/stb-master/tests/pngsuite/unused/g25n2c08.png">
      <Filter>Resource Files</Filter>
    </None>
    <None Include="external/stb-master/tests/pngsuite/unused/g25n3p04.png">
      <Filter>Resource Files</Filter>
    </None>
    <None Include="external/stb-master/tests/pngsuite/unused/pp0n2c16.png">
      <Filter>Resource Files</Filter>
    </None>
    <None Include="external/stb-master/tests/pngsuite/unused/pp0n6a08.png">
      <Filter>Resource Files</Filter>
    </None>
    <None Include="external/stb-master/tests/pngsuite/unused/ps1n0g08.png">
      <Filter>Resource Files</Filter>
    </None>
    <None Include="external/stb-master/tests/pngsuite/unused/ps1n2c16.png">
      <Filter>Resource Files</Filter>
    </None>
    <None Include="external/stb-master/tests/pngsuite/unused/ps2n0g08.png">
      <Filter>Resource Files</Filter>
    </None>
    <None Include="external/stb-master/tests/pngsuite/unused/ps2n2c16.png">
      <Filter>Resource Files</Filter>
    </None>
    <None Include="external/stb-master/tests/sdf/sdf_test_arial_16.png">
      <Filter>Resource Files</Filter>
    </None>
    <None Include="external/stb-master/tests/sdf/sdf_test_times_16.png">
      <Filter>Resource Files</Filter>
    </None>
    <None Include="external/stb-master/tests/sdf/sdf_test_times_50.png">
      <Filter>Resource Files</Filter>
    </None>
    <None Include="app_framework.mabu" />
  </ItemGroup>
</Project>